// !$*UTF8*$!
{
	archiveVersion = 1;
	classes = {
	};
	objectVersion = 50;
	objects = {

/* Begin PBXBuildFile section */
		7E13B8812209B0BC00F7915C /* ge_ss_two_bold.ttf in Resources */ = {isa = PBXBuildFile; fileRef = 7E13B87C2209B0BA00F7915C /* ge_ss_two_bold.ttf */; };
		7E13B8822209B0BC00F7915C /* ge_ss_two_medium.ttf in Resources */ = {isa = PBXBuildFile; fileRef = 7E13B87D2209B0BB00F7915C /* ge_ss_two_medium.ttf */; };
		7E13B8832209B0BC00F7915C /* futura_heavy.ttf in Resources */ = {isa = PBXBuildFile; fileRef = 7E13B87E2209B0BB00F7915C /* futura_heavy.ttf */; };
		7E13B8842209B0BC00F7915C /* futura.ttf in Resources */ = {isa = PBXBuildFile; fileRef = 7E13B87F2209B0BC00F7915C /* futura.ttf */; };
		7E13B8852209B0BC00F7915C /* ge_ss_two_light.ttf in Resources */ = {isa = PBXBuildFile; fileRef = 7E13B8802209B0BC00F7915C /* ge_ss_two_light.ttf */; };
		7E176FE821F1B52A00D04B72 /* AllMediaImages.xcassets in Resources */ = {isa = PBXBuildFile; fileRef = 7E176FE721F1B52A00D04B72 /* AllMediaImages.xcassets */; };
		7E176FED21F1C78900D04B72 /* Registration.swift in Sources */ = {isa = PBXBuildFile; fileRef = 7E176FEB21F1C78900D04B72 /* Registration.swift */; };
		7E176FF121F1C99700D04B72 /* CoreGraphics.framework in Frameworks */ = {isa = PBXBuildFile; fileRef = 7E176FF021F1C99700D04B72 /* CoreGraphics.framework */; };
		7E176FF321F1C99C00D04B72 /* QuartzCore.framework in Frameworks */ = {isa = PBXBuildFile; fileRef = 7E176FF221F1C99C00D04B72 /* QuartzCore.framework */; };
		7E17702821F1D7BA00D04B72 /* HomeTab.swift in Sources */ = {isa = PBXBuildFile; fileRef = 7E17702621F1D7BA00D04B72 /* HomeTab.swift */; };
		7E17702C21F1D7C800D04B72 /* ProductGrid.swift in Sources */ = {isa = PBXBuildFile; fileRef = 7E17702A21F1D7C800D04B72 /* ProductGrid.swift */; };
		7E17703021F1D7D600D04B72 /* CartTab.swift in Sources */ = {isa = PBXBuildFile; fileRef = 7E17702E21F1D7D600D04B72 /* CartTab.swift */; };
		7E17703421F1D7E400D04B72 /* MoreTab.swift in Sources */ = {isa = PBXBuildFile; fileRef = 7E17703221F1D7E400D04B72 /* MoreTab.swift */; };
		7E1B3993227B2BF700A0971C /* ORWCell.swift in Sources */ = {isa = PBXBuildFile; fileRef = 7E1B3991227B2BF700A0971C /* ORWCell.swift */; };
		7E1B3994227B2BF700A0971C /* ORWCell.xib in Resources */ = {isa = PBXBuildFile; fileRef = 7E1B3992227B2BF700A0971C /* ORWCell.xib */; };
		7E218A0222898982007E35C7 /* ProductReviews.swift in Sources */ = {isa = PBXBuildFile; fileRef = 7E218A0122898982007E35C7 /* ProductReviews.swift */; };
		7E218A062289A4B1007E35C7 /* PRCell.swift in Sources */ = {isa = PBXBuildFile; fileRef = 7E218A042289A4B1007E35C7 /* PRCell.swift */; };
		7E218A072289A4B1007E35C7 /* PRCell.xib in Resources */ = {isa = PBXBuildFile; fileRef = 7E218A052289A4B1007E35C7 /* PRCell.xib */; };
		7E29D29321F6FD4000062EA8 /* banner3.png in Resources */ = {isa = PBXBuildFile; fileRef = 7E29D28F21F6FD3F00062EA8 /* banner3.png */; };
		7E29D29421F6FD4000062EA8 /* banner4.png in Resources */ = {isa = PBXBuildFile; fileRef = 7E29D29021F6FD3F00062EA8 /* banner4.png */; };
		7E29D29521F6FD4000062EA8 /* banner1.png in Resources */ = {isa = PBXBuildFile; fileRef = 7E29D29121F6FD3F00062EA8 /* banner1.png */; };
		7E29D29621F6FD4000062EA8 /* banner2.png in Resources */ = {isa = PBXBuildFile; fileRef = 7E29D29221F6FD3F00062EA8 /* banner2.png */; };
		7E29D2A921F741F900062EA8 /* STCell.xib in Resources */ = {isa = PBXBuildFile; fileRef = 7E29D2A721F741F900062EA8 /* STCell.xib */; };
		7E29D2AA21F741F900062EA8 /* STCell.swift in Sources */ = {isa = PBXBuildFile; fileRef = 7E29D2A821F741F900062EA8 /* STCell.swift */; };
		7E345B722238E6C10035C86D /* AddDeliveryAddress.swift in Sources */ = {isa = PBXBuildFile; fileRef = 7E345B712238E6C10035C86D /* AddDeliveryAddress.swift */; };
		7E345B7522390AC30035C86D /* MenuGrid.swift in Sources */ = {isa = PBXBuildFile; fileRef = 7E345B7422390AC30035C86D /* MenuGrid.swift */; };
		7E345B7922390AF20035C86D /* MenuTableCell.swift in Sources */ = {isa = PBXBuildFile; fileRef = 7E345B7722390AF20035C86D /* MenuTableCell.swift */; };
		7E345B7A22390AF20035C86D /* MenuTableCell.xib in Resources */ = {isa = PBXBuildFile; fileRef = 7E345B7822390AF20035C86D /* MenuTableCell.xib */; };
		7E4628A02201DA27003BB300 /* FloatRatingView.swift in Sources */ = {isa = PBXBuildFile; fileRef = 7E46289F2201DA26003BB300 /* FloatRatingView.swift */; };
		7E6390BB21FAEB740039FED1 /* CategoryTab.swift in Sources */ = {isa = PBXBuildFile; fileRef = 7E6390B921FAEB740039FED1 /* CategoryTab.swift */; };
		7E6A02C621F9D80900DDF3C2 /* ProductDetails.swift in Sources */ = {isa = PBXBuildFile; fileRef = 7E6A02C421F9D80900DDF3C2 /* ProductDetails.swift */; };
		7E7189EC21F599990093FAD6 /* Dubai-Regular.ttf in Resources */ = {isa = PBXBuildFile; fileRef = 7E7189E821F599980093FAD6 /* Dubai-Regular.ttf */; };
		7E7189ED21F599990093FAD6 /* Dubai-Medium.ttf in Resources */ = {isa = PBXBuildFile; fileRef = 7E7189E921F599980093FAD6 /* Dubai-Medium.ttf */; };
		7E7189EE21F599990093FAD6 /* Dubai-Light.ttf in Resources */ = {isa = PBXBuildFile; fileRef = 7E7189EA21F599980093FAD6 /* Dubai-Light.ttf */; };
		7E7189EF21F599990093FAD6 /* Dubai-Bold.ttf in Resources */ = {isa = PBXBuildFile; fileRef = 7E7189EB21F599990093FAD6 /* Dubai-Bold.ttf */; };
		7E7F69E92236A296000EABEE /* p3.jpg in Resources */ = {isa = PBXBuildFile; fileRef = 7E7F69E32236A293000EABEE /* p3.jpg */; };
		7E7F69EA2236A296000EABEE /* p5.jpg in Resources */ = {isa = PBXBuildFile; fileRef = 7E7F69E42236A294000EABEE /* p5.jpg */; };
		7E7F69EB2236A296000EABEE /* p2.jpg in Resources */ = {isa = PBXBuildFile; fileRef = 7E7F69E52236A294000EABEE /* p2.jpg */; };
		7E7F69EC2236A296000EABEE /* p1.jpg in Resources */ = {isa = PBXBuildFile; fileRef = 7E7F69E62236A295000EABEE /* p1.jpg */; };
		7E7F69ED2236A296000EABEE /* p4.jpg in Resources */ = {isa = PBXBuildFile; fileRef = 7E7F69E72236A296000EABEE /* p4.jpg */; };
		7E7F69EE2236A296000EABEE /* p6.jpg in Resources */ = {isa = PBXBuildFile; fileRef = 7E7F69E82236A296000EABEE /* p6.jpg */; };
		7E8B488F221C272B006B1997 /* SectionTwoXS.storyboard in Resources */ = {isa = PBXBuildFile; fileRef = 7E8B488E221C272B006B1997 /* SectionTwoXS.storyboard */; };
		7E8B4891221C277D006B1997 /* SectionTwoXSMAX.storyboard in Resources */ = {isa = PBXBuildFile; fileRef = 7E8B4890221C277D006B1997 /* SectionTwoXSMAX.storyboard */; };
		7E8B4893221C2822006B1997 /* SectionThree6S.storyboard in Resources */ = {isa = PBXBuildFile; fileRef = 7E8B4892221C2822006B1997 /* SectionThree6S.storyboard */; };
		7E8B4895221C2871006B1997 /* SectionThree6SPlus.storyboard in Resources */ = {isa = PBXBuildFile; fileRef = 7E8B4894221C2871006B1997 /* SectionThree6SPlus.storyboard */; };
		7E8B4897221C2898006B1997 /* SectionThreeXS.storyboard in Resources */ = {isa = PBXBuildFile; fileRef = 7E8B4896221C2898006B1997 /* SectionThreeXS.storyboard */; };
		7E8B4899221C28AC006B1997 /* SectionThreeXSMAX.storyboard in Resources */ = {isa = PBXBuildFile; fileRef = 7E8B4898221C28AC006B1997 /* SectionThreeXSMAX.storyboard */; };
		7E8B489B221C28C4006B1997 /* SectionFour6S.storyboard in Resources */ = {isa = PBXBuildFile; fileRef = 7E8B489A221C28C4006B1997 /* SectionFour6S.storyboard */; };
		7E8B489D221C28D4006B1997 /* SectionFour6SPlus.storyboard in Resources */ = {isa = PBXBuildFile; fileRef = 7E8B489C221C28D4006B1997 /* SectionFour6SPlus.storyboard */; };
		7E8B489F221C28E2006B1997 /* SectionFourXS.storyboard in Resources */ = {isa = PBXBuildFile; fileRef = 7E8B489E221C28E2006B1997 /* SectionFourXS.storyboard */; };
		7E8B48A1221C28ED006B1997 /* SectionFourXSMAX.storyboard in Resources */ = {isa = PBXBuildFile; fileRef = 7E8B48A0221C28ED006B1997 /* SectionFourXSMAX.storyboard */; };
		7E8B48A3221C28FE006B1997 /* SectionFive6S.storyboard in Resources */ = {isa = PBXBuildFile; fileRef = 7E8B48A2221C28FE006B1997 /* SectionFive6S.storyboard */; };
		7E8B48A5221C290E006B1997 /* SectionFive6SPlus.storyboard in Resources */ = {isa = PBXBuildFile; fileRef = 7E8B48A4221C290E006B1997 /* SectionFive6SPlus.storyboard */; };
		7E8B48A7221C291E006B1997 /* SectionFiveXS.storyboard in Resources */ = {isa = PBXBuildFile; fileRef = 7E8B48A6221C291D006B1997 /* SectionFiveXS.storyboard */; };
		7E8B48A9221C292E006B1997 /* SectionFiveXSMAX.storyboard in Resources */ = {isa = PBXBuildFile; fileRef = 7E8B48A8221C292E006B1997 /* SectionFiveXSMAX.storyboard */; };
		7E90D105221E798700CFFC97 /* icon-40@3x.png in Resources */ = {isa = PBXBuildFile; fileRef = 7E90D0F8221E797A00CFFC97 /* icon-40@3x.png */; };
		7E90D106221E798700CFFC97 /* icon-1024.png in Resources */ = {isa = PBXBuildFile; fileRef = 7E90D0F9221E797A00CFFC97 /* icon-1024.png */; };
		7E90D107221E798700CFFC97 /* icon-29@2x.png in Resources */ = {isa = PBXBuildFile; fileRef = 7E90D0FA221E797B00CFFC97 /* icon-29@2x.png */; };
		7E90D108221E798700CFFC97 /* icon-60.png in Resources */ = {isa = PBXBuildFile; fileRef = 7E90D0FB221E797C00CFFC97 /* icon-60.png */; };
		7E90D109221E798700CFFC97 /* icon-40.png in Resources */ = {isa = PBXBuildFile; fileRef = 7E90D0FC221E797D00CFFC97 /* icon-40.png */; };
		7E90D10A221E798700CFFC97 /* icon-60@2x.png in Resources */ = {isa = PBXBuildFile; fileRef = 7E90D0FD221E797E00CFFC97 /* icon-60@2x.png */; };
		7E90D10B221E798700CFFC97 /* icon-20@3x.png in Resources */ = {isa = PBXBuildFile; fileRef = 7E90D0FE221E797E00CFFC97 /* icon-20@3x.png */; };
		7E90D10C221E798700CFFC97 /* icon-29.png in Resources */ = {isa = PBXBuildFile; fileRef = 7E90D0FF221E797F00CFFC97 /* icon-29.png */; };
		7E90D10D221E798700CFFC97 /* icon-20@2x.png in Resources */ = {isa = PBXBuildFile; fileRef = 7E90D100221E798000CFFC97 /* icon-20@2x.png */; };
		7E90D10E221E798700CFFC97 /* icon-40@2x.png in Resources */ = {isa = PBXBuildFile; fileRef = 7E90D101221E798000CFFC97 /* icon-40@2x.png */; };
		7E90D10F221E798700CFFC97 /* icon-60@3x.png in Resources */ = {isa = PBXBuildFile; fileRef = 7E90D102221E798100CFFC97 /* icon-60@3x.png */; };
		7E90D110221E798700CFFC97 /* icon-29@3x.png in Resources */ = {isa = PBXBuildFile; fileRef = 7E90D103221E798600CFFC97 /* icon-29@3x.png */; };
		7E90D111221E798700CFFC97 /* icon-20.png in Resources */ = {isa = PBXBuildFile; fileRef = 7E90D104221E798700CFFC97 /* icon-20.png */; };
		7E92B8FD2279BFB500C7775D /* Billing.swift in Sources */ = {isa = PBXBuildFile; fileRef = 7E92B8FC2279BFB500C7775D /* Billing.swift */; };
		7E92B8FF2279BFCA00C7775D /* Shippingmethod.swift in Sources */ = {isa = PBXBuildFile; fileRef = 7E92B8FE2279BFCA00C7775D /* Shippingmethod.swift */; };
		7E92B9012279BFD800C7775D /* Paymentmethod.swift in Sources */ = {isa = PBXBuildFile; fileRef = 7E92B9002279BFD800C7775D /* Paymentmethod.swift */; };
		7E92B9052279CAED00C7775D /* BTCell.swift in Sources */ = {isa = PBXBuildFile; fileRef = 7E92B9032279CAED00C7775D /* BTCell.swift */; };
		7E92B9062279CAED00C7775D /* BTCell.xib in Resources */ = {isa = PBXBuildFile; fileRef = 7E92B9042279CAED00C7775D /* BTCell.xib */; };
		7E92B90B2279DA6400C7775D /* PUCell.swift in Sources */ = {isa = PBXBuildFile; fileRef = 7E92B9092279DA6400C7775D /* PUCell.swift */; };
		7E92B90C2279DA6400C7775D /* PUCell.xib in Resources */ = {isa = PBXBuildFile; fileRef = 7E92B90A2279DA6400C7775D /* PUCell.xib */; };
		7E92B90F2279DA7000C7775D /* SPCell.swift in Sources */ = {isa = PBXBuildFile; fileRef = 7E92B90D2279DA7000C7775D /* SPCell.swift */; };
		7E92B9102279DA7000C7775D /* SPCell.xib in Resources */ = {isa = PBXBuildFile; fileRef = 7E92B90E2279DA7000C7775D /* SPCell.xib */; };
		7E9E6396221FDE0C0014EEBE /* OHCell.swift in Sources */ = {isa = PBXBuildFile; fileRef = 7E9E6394221FDE0B0014EEBE /* OHCell.swift */; };
		7E9E6397221FDE0D0014EEBE /* OHCell.xib in Resources */ = {isa = PBXBuildFile; fileRef = 7E9E6395221FDE0B0014EEBE /* OHCell.xib */; };
		7E9E639B221FE7300014EEBE /* WLCell.swift in Sources */ = {isa = PBXBuildFile; fileRef = 7E9E6399221FE72F0014EEBE /* WLCell.swift */; };
		7E9E639C221FE7300014EEBE /* WLCell.xib in Resources */ = {isa = PBXBuildFile; fileRef = 7E9E639A221FE72F0014EEBE /* WLCell.xib */; };
		7E9E63A0221FF2BE0014EEBE /* DACell.swift in Sources */ = {isa = PBXBuildFile; fileRef = 7E9E639E221FF2BE0014EEBE /* DACell.swift */; };
		7E9E63A1221FF2BE0014EEBE /* DACell.xib in Resources */ = {isa = PBXBuildFile; fileRef = 7E9E639F221FF2BE0014EEBE /* DACell.xib */; };
		7E9E63A5221FF94E0014EEBE /* SLCell.swift in Sources */ = {isa = PBXBuildFile; fileRef = 7E9E63A3221FF94E0014EEBE /* SLCell.swift */; };
		7E9E63A6221FF94E0014EEBE /* SLCell.xib in Resources */ = {isa = PBXBuildFile; fileRef = 7E9E63A4221FF94E0014EEBE /* SLCell.xib */; };
		7EA4AAE121FB1D2D0089B41B /* SearchProduct.swift in Sources */ = {isa = PBXBuildFile; fileRef = 7EA4AADF21FB1D2D0089B41B /* SearchProduct.swift */; };
		7EA4AAE621FB1D4A0089B41B /* OrderHistory.swift in Sources */ = {isa = PBXBuildFile; fileRef = 7EA4AAE421FB1D4A0089B41B /* OrderHistory.swift */; };
		7EB1FAF8221AAC25004E15F2 /* Default-736h.png in Resources */ = {isa = PBXBuildFile; fileRef = 7EB1FAF0221AAC22004E15F2 /* Default-736h.png */; };
		7EB1FAF9221AAC25004E15F2 /* Default-812h@3x.png in Resources */ = {isa = PBXBuildFile; fileRef = 7EB1FAF1221AAC22004E15F2 /* Default-812h@3x.png */; };
		7EB1FAFA221AAC25004E15F2 /* Default.png in Resources */ = {isa = PBXBuildFile; fileRef = 7EB1FAF2221AAC23004E15F2 /* Default.png */; };
		7EB1FAFB221AAC25004E15F2 /* Default@2x.png in Resources */ = {isa = PBXBuildFile; fileRef = 7EB1FAF3221AAC23004E15F2 /* Default@2x.png */; };
		7EB1FAFC221AAC25004E15F2 /* Default-802h.png in Resources */ = {isa = PBXBuildFile; fileRef = 7EB1FAF4221AAC23004E15F2 /* Default-802h.png */; };
		7EB1FAFD221AAC25004E15F2 /* Default-667h.png in Resources */ = {isa = PBXBuildFile; fileRef = 7EB1FAF5221AAC24004E15F2 /* Default-667h.png */; };
		7EB1FAFE221AAC25004E15F2 /* Default-568h@2x.png in Resources */ = {isa = PBXBuildFile; fileRef = 7EB1FAF6221AAC24004E15F2 /* Default-568h@2x.png */; };
		7EB1FAFF221AAC25004E15F2 /* Default-812h@2x.png in Resources */ = {isa = PBXBuildFile; fileRef = 7EB1FAF7221AAC25004E15F2 /* Default-812h@2x.png */; };
		7EC7B7DE21F1AAA600A9B632 /* AppDelegate.swift in Sources */ = {isa = PBXBuildFile; fileRef = 7EC7B7DD21F1AAA600A9B632 /* AppDelegate.swift */; };
		7EC7B7E021F1AAA600A9B632 /* ViewController.swift in Sources */ = {isa = PBXBuildFile; fileRef = 7EC7B7DF21F1AAA600A9B632 /* ViewController.swift */; };
		7EC7B7E321F1AAA600A9B632 /* Main.storyboard in Resources */ = {isa = PBXBuildFile; fileRef = 7EC7B7E121F1AAA600A9B632 /* Main.storyboard */; };
		7EC7B7E621F1AAA600A9B632 /* Saudi_Fisheries.xcdatamodeld in Sources */ = {isa = PBXBuildFile; fileRef = 7EC7B7E421F1AAA600A9B632 /* Saudi_Fisheries.xcdatamodeld */; };
		7EC7B7E821F1AAE300A9B632 /* Assets.xcassets in Resources */ = {isa = PBXBuildFile; fileRef = 7EC7B7E721F1AAE300A9B632 /* Assets.xcassets */; };
		7EC7B7EB21F1AAE400A9B632 /* LaunchScreen.storyboard in Resources */ = {isa = PBXBuildFile; fileRef = 7EC7B7E921F1AAE400A9B632 /* LaunchScreen.storyboard */; };
		7EC7B7F521F1B14400A9B632 /* login.swift in Sources */ = {isa = PBXBuildFile; fileRef = 7EC7B7F321F1B14400A9B632 /* login.swift */; };
		7ED3E98321FEEC5300D4CD5E /* PickupShipping.swift in Sources */ = {isa = PBXBuildFile; fileRef = 7ED3E98121FEEC5300D4CD5E /* PickupShipping.swift */; };
		7ED3E98B21FEEC6C00D4CD5E /* OrderReview.swift in Sources */ = {isa = PBXBuildFile; fileRef = 7ED3E98921FEEC6C00D4CD5E /* OrderReview.swift */; };
		7ED3E98F21FEEC7700D4CD5E /* ThankYouOrder.swift in Sources */ = {isa = PBXBuildFile; fileRef = 7ED3E98D21FEEC7700D4CD5E /* ThankYouOrder.swift */; };
		7EDCF61321FB431900DAF75D /* collectionCELL1.swift in Sources */ = {isa = PBXBuildFile; fileRef = 7EDCF61121FB431900DAF75D /* collectionCELL1.swift */; };
		7EDCF61421FB431900DAF75D /* collectionCELL1.xib in Resources */ = {isa = PBXBuildFile; fileRef = 7EDCF61221FB431900DAF75D /* collectionCELL1.xib */; };
		7EDCF61821FB53E400DAF75D /* LCell.swift in Sources */ = {isa = PBXBuildFile; fileRef = 7EDCF61621FB53E400DAF75D /* LCell.swift */; };
		7EDCF61921FB53E400DAF75D /* LCell.xib in Resources */ = {isa = PBXBuildFile; fileRef = 7EDCF61721FB53E400DAF75D /* LCell.xib */; };
		7EDEDD73226852CB0008B83B /* frame-14.png in Resources */ = {isa = PBXBuildFile; fileRef = 7EDEDD55226852A70008B83B /* frame-14.png */; };
		7EDEDD74226852CB0008B83B /* frame-13.png in Resources */ = {isa = PBXBuildFile; fileRef = 7EDEDD56226852A80008B83B /* frame-13.png */; };
		7EDEDD75226852CB0008B83B /* frame-0.png in Resources */ = {isa = PBXBuildFile; fileRef = 7EDEDD57226852A90008B83B /* frame-0.png */; };
		7EDEDD76226852CB0008B83B /* frame-26.png in Resources */ = {isa = PBXBuildFile; fileRef = 7EDEDD58226852AA0008B83B /* frame-26.png */; };
		7EDEDD77226852CB0008B83B /* frame-5.png in Resources */ = {isa = PBXBuildFile; fileRef = 7EDEDD59226852AC0008B83B /* frame-5.png */; };
		7EDEDD78226852CB0008B83B /* frame-15.png in Resources */ = {isa = PBXBuildFile; fileRef = 7EDEDD5A226852AD0008B83B /* frame-15.png */; };
		7EDEDD79226852CB0008B83B /* frame-1.png in Resources */ = {isa = PBXBuildFile; fileRef = 7EDEDD5B226852AE0008B83B /* frame-1.png */; };
		7EDEDD7A226852CB0008B83B /* frame-6.png in Resources */ = {isa = PBXBuildFile; fileRef = 7EDEDD5C226852AF0008B83B /* frame-6.png */; };
		7EDEDD7B226852CB0008B83B /* frame-8.png in Resources */ = {isa = PBXBuildFile; fileRef = 7EDEDD5D226852B00008B83B /* frame-8.png */; };
		7EDEDD7C226852CB0008B83B /* frame-29.png in Resources */ = {isa = PBXBuildFile; fileRef = 7EDEDD5E226852B00008B83B /* frame-29.png */; };
		7EDEDD7D226852CB0008B83B /* frame-21.png in Resources */ = {isa = PBXBuildFile; fileRef = 7EDEDD5F226852B20008B83B /* frame-21.png */; };
		7EDEDD7E226852CB0008B83B /* frame-27.png in Resources */ = {isa = PBXBuildFile; fileRef = 7EDEDD60226852B20008B83B /* frame-27.png */; };
		7EDEDD7F226852CB0008B83B /* frame-9.png in Resources */ = {isa = PBXBuildFile; fileRef = 7EDEDD61226852B40008B83B /* frame-9.png */; };
		7EDEDD80226852CB0008B83B /* frame-2.png in Resources */ = {isa = PBXBuildFile; fileRef = 7EDEDD62226852B50008B83B /* frame-2.png */; };
		7EDEDD81226852CB0008B83B /* frame-19.png in Resources */ = {isa = PBXBuildFile; fileRef = 7EDEDD63226852B60008B83B /* frame-19.png */; };
		7EDEDD82226852CB0008B83B /* frame-20.png in Resources */ = {isa = PBXBuildFile; fileRef = 7EDEDD64226852B70008B83B /* frame-20.png */; };
		7EDEDD83226852CB0008B83B /* frame-17.png in Resources */ = {isa = PBXBuildFile; fileRef = 7EDEDD65226852B70008B83B /* frame-17.png */; };
		7EDEDD84226852CB0008B83B /* frame-23.png in Resources */ = {isa = PBXBuildFile; fileRef = 7EDEDD66226852B80008B83B /* frame-23.png */; };
		7EDEDD85226852CB0008B83B /* frame-11.png in Resources */ = {isa = PBXBuildFile; fileRef = 7EDEDD67226852B90008B83B /* frame-11.png */; };
		7EDEDD86226852CB0008B83B /* frame-12.png in Resources */ = {isa = PBXBuildFile; fileRef = 7EDEDD68226852B90008B83B /* frame-12.png */; };
		7EDEDD87226852CB0008B83B /* frame-28.png in Resources */ = {isa = PBXBuildFile; fileRef = 7EDEDD69226852BA0008B83B /* frame-28.png */; };
		7EDEDD88226852CB0008B83B /* frame-7.png in Resources */ = {isa = PBXBuildFile; fileRef = 7EDEDD6A226852BB0008B83B /* frame-7.png */; };
		7EDEDD89226852CB0008B83B /* frame-18.png in Resources */ = {isa = PBXBuildFile; fileRef = 7EDEDD6B226852BB0008B83B /* frame-18.png */; };
		7EDEDD8A226852CB0008B83B /* frame-10.png in Resources */ = {isa = PBXBuildFile; fileRef = 7EDEDD6C226852BC0008B83B /* frame-10.png */; };
		7EDEDD8B226852CB0008B83B /* frame-22.png in Resources */ = {isa = PBXBuildFile; fileRef = 7EDEDD6D226852BD0008B83B /* frame-22.png */; };
		7EDEDD8C226852CB0008B83B /* frame-16.png in Resources */ = {isa = PBXBuildFile; fileRef = 7EDEDD6E226852BF0008B83B /* frame-16.png */; };
		7EDEDD8D226852CB0008B83B /* frame-25.png in Resources */ = {isa = PBXBuildFile; fileRef = 7EDEDD6F226852C20008B83B /* frame-25.png */; };
		7EDEDD8E226852CB0008B83B /* frame-4.png in Resources */ = {isa = PBXBuildFile; fileRef = 7EDEDD70226852C30008B83B /* frame-4.png */; };
		7EDEDD8F226852CB0008B83B /* frame-3.png in Resources */ = {isa = PBXBuildFile; fileRef = 7EDEDD71226852C70008B83B /* frame-3.png */; };
		7EDEDD90226852CB0008B83B /* frame-24.png in Resources */ = {isa = PBXBuildFile; fileRef = 7EDEDD72226852CA0008B83B /* frame-24.png */; };
		7EED0E002200336E0086D4CE /* MyProfileDetails.swift in Sources */ = {isa = PBXBuildFile; fileRef = 7EED0DFE2200336E0086D4CE /* MyProfileDetails.swift */; };
		7EED0E05220033D00086D4CE /* MyWishlist.swift in Sources */ = {isa = PBXBuildFile; fileRef = 7EED0E03220033D00086D4CE /* MyWishlist.swift */; };
		7EED0E0A2200340E0086D4CE /* StoreLocator.swift in Sources */ = {isa = PBXBuildFile; fileRef = 7EED0E082200340E0086D4CE /* StoreLocator.swift */; };
		7EED0E0F2200425D0086D4CE /* DeliveryAddressList.swift in Sources */ = {isa = PBXBuildFile; fileRef = 7EED0E0D2200425D0086D4CE /* DeliveryAddressList.swift */; };
		7EED0E15220060D30086D4CE /* STCellTABLE.swift in Sources */ = {isa = PBXBuildFile; fileRef = 7EED0E13220060D30086D4CE /* STCellTABLE.swift */; };
		7EED0E16220060D30086D4CE /* STCellTABLE.xib in Resources */ = {isa = PBXBuildFile; fileRef = 7EED0E14220060D30086D4CE /* STCellTABLE.xib */; };
		7EEEAB56227AD7FB00C65240 /* SMCell.xib in Resources */ = {isa = PBXBuildFile; fileRef = 7EEEAB54227AD7FA00C65240 /* SMCell.xib */; };
		7EEEAB57227AD7FB00C65240 /* SMCell.swift in Sources */ = {isa = PBXBuildFile; fileRef = 7EEEAB55227AD7FB00C65240 /* SMCell.swift */; };
		7EEEAB5B227AEFBF00C65240 /* PMCell.swift in Sources */ = {isa = PBXBuildFile; fileRef = 7EEEAB59227AEFBF00C65240 /* PMCell.swift */; };
		7EEEAB5C227AEFBF00C65240 /* PMCell.xib in Resources */ = {isa = PBXBuildFile; fileRef = 7EEEAB5A227AEFBF00C65240 /* PMCell.xib */; };
		7EEEAB60227AFA5800C65240 /* ORCell.swift in Sources */ = {isa = PBXBuildFile; fileRef = 7EEEAB5E227AFA5800C65240 /* ORCell.swift */; };
		7EEEAB61227AFA5800C65240 /* ORCell.xib in Resources */ = {isa = PBXBuildFile; fileRef = 7EEEAB5F227AFA5800C65240 /* ORCell.xib */; };
		7EF0B544221C250F00BBD81F /* SectionOne6S.storyboard in Resources */ = {isa = PBXBuildFile; fileRef = 7EF0B543221C250F00BBD81F /* SectionOne6S.storyboard */; };
		7EF0B546221C252100BBD81F /* SectionOne6SPlus.storyboard in Resources */ = {isa = PBXBuildFile; fileRef = 7EF0B545221C252100BBD81F /* SectionOne6SPlus.storyboard */; };
		7EF0B548221C253E00BBD81F /* SectionOneXS.storyboard in Resources */ = {isa = PBXBuildFile; fileRef = 7EF0B547221C253E00BBD81F /* SectionOneXS.storyboard */; };
		7EF0B54A221C254E00BBD81F /* SectionOneXSMAX.storyboard in Resources */ = {isa = PBXBuildFile; fileRef = 7EF0B549221C254E00BBD81F /* SectionOneXSMAX.storyboard */; };
		7EF0B54C221C25C800BBD81F /* SectionTwo6S.storyboard in Resources */ = {isa = PBXBuildFile; fileRef = 7EF0B54B221C25C800BBD81F /* SectionTwo6S.storyboard */; };
		7EF0B54E221C25EF00BBD81F /* SectionTwo6SPlus.storyboard in Resources */ = {isa = PBXBuildFile; fileRef = 7EF0B54D221C25EF00BBD81F /* SectionTwo6SPlus.storyboard */; };
		88369D9021F9BD2C002BB491 /* Slidemenu.swift in Sources */ = {isa = PBXBuildFile; fileRef = 88369D8E21F9BD2C002BB491 /* Slidemenu.swift */; };
/* End PBXBuildFile section */

/* Begin PBXFileReference section */
		7E13B87C2209B0BA00F7915C /* ge_ss_two_bold.ttf */ = {isa = PBXFileReference; lastKnownFileType = file; path = ge_ss_two_bold.ttf; sourceTree = "<group>"; };
		7E13B87D2209B0BB00F7915C /* ge_ss_two_medium.ttf */ = {isa = PBXFileReference; lastKnownFileType = file; path = ge_ss_two_medium.ttf; sourceTree = "<group>"; };
		7E13B87E2209B0BB00F7915C /* futura_heavy.ttf */ = {isa = PBXFileReference; lastKnownFileType = file; path = futura_heavy.ttf; sourceTree = "<group>"; };
		7E13B87F2209B0BC00F7915C /* futura.ttf */ = {isa = PBXFileReference; lastKnownFileType = file; path = futura.ttf; sourceTree = "<group>"; };
		7E13B8802209B0BC00F7915C /* ge_ss_two_light.ttf */ = {isa = PBXFileReference; lastKnownFileType = file; path = ge_ss_two_light.ttf; sourceTree = "<group>"; };
		7E176FE721F1B52A00D04B72 /* AllMediaImages.xcassets */ = {isa = PBXFileReference; lastKnownFileType = folder.assetcatalog; path = AllMediaImages.xcassets; sourceTree = "<group>"; };
		7E176FEB21F1C78900D04B72 /* Registration.swift */ = {isa = PBXFileReference; lastKnownFileType = sourcecode.swift; path = Registration.swift; sourceTree = "<group>"; };
		7E176FF021F1C99700D04B72 /* CoreGraphics.framework */ = {isa = PBXFileReference; lastKnownFileType = wrapper.framework; name = CoreGraphics.framework; path = System/Library/Frameworks/CoreGraphics.framework; sourceTree = SDKROOT; };
		7E176FF221F1C99C00D04B72 /* QuartzCore.framework */ = {isa = PBXFileReference; lastKnownFileType = wrapper.framework; name = QuartzCore.framework; path = System/Library/Frameworks/QuartzCore.framework; sourceTree = SDKROOT; };
		7E17702621F1D7BA00D04B72 /* HomeTab.swift */ = {isa = PBXFileReference; lastKnownFileType = sourcecode.swift; path = HomeTab.swift; sourceTree = "<group>"; };
		7E17702A21F1D7C800D04B72 /* ProductGrid.swift */ = {isa = PBXFileReference; lastKnownFileType = sourcecode.swift; path = ProductGrid.swift; sourceTree = "<group>"; };
		7E17702E21F1D7D600D04B72 /* CartTab.swift */ = {isa = PBXFileReference; lastKnownFileType = sourcecode.swift; path = CartTab.swift; sourceTree = "<group>"; };
		7E17703221F1D7E400D04B72 /* MoreTab.swift */ = {isa = PBXFileReference; lastKnownFileType = sourcecode.swift; path = MoreTab.swift; sourceTree = "<group>"; };
		7E1B3991227B2BF700A0971C /* ORWCell.swift */ = {isa = PBXFileReference; lastKnownFileType = sourcecode.swift; path = ORWCell.swift; sourceTree = "<group>"; };
		7E1B3992227B2BF700A0971C /* ORWCell.xib */ = {isa = PBXFileReference; lastKnownFileType = file.xib; path = ORWCell.xib; sourceTree = "<group>"; };
		7E218A0122898982007E35C7 /* ProductReviews.swift */ = {isa = PBXFileReference; lastKnownFileType = sourcecode.swift; path = ProductReviews.swift; sourceTree = "<group>"; };
		7E218A042289A4B1007E35C7 /* PRCell.swift */ = {isa = PBXFileReference; lastKnownFileType = sourcecode.swift; path = PRCell.swift; sourceTree = "<group>"; };
		7E218A052289A4B1007E35C7 /* PRCell.xib */ = {isa = PBXFileReference; lastKnownFileType = file.xib; path = PRCell.xib; sourceTree = "<group>"; };
		7E29D28F21F6FD3F00062EA8 /* banner3.png */ = {isa = PBXFileReference; lastKnownFileType = image.png; path = banner3.png; sourceTree = "<group>"; };
		7E29D29021F6FD3F00062EA8 /* banner4.png */ = {isa = PBXFileReference; lastKnownFileType = image.png; path = banner4.png; sourceTree = "<group>"; };
		7E29D29121F6FD3F00062EA8 /* banner1.png */ = {isa = PBXFileReference; lastKnownFileType = image.png; path = banner1.png; sourceTree = "<group>"; };
		7E29D29221F6FD3F00062EA8 /* banner2.png */ = {isa = PBXFileReference; lastKnownFileType = image.png; path = banner2.png; sourceTree = "<group>"; };
		7E29D2A721F741F900062EA8 /* STCell.xib */ = {isa = PBXFileReference; fileEncoding = 4; lastKnownFileType = file.xib; path = STCell.xib; sourceTree = "<group>"; };
		7E29D2A821F741F900062EA8 /* STCell.swift */ = {isa = PBXFileReference; fileEncoding = 4; lastKnownFileType = sourcecode.swift; path = STCell.swift; sourceTree = "<group>"; };
		7E345B712238E6C10035C86D /* AddDeliveryAddress.swift */ = {isa = PBXFileReference; lastKnownFileType = sourcecode.swift; path = AddDeliveryAddress.swift; sourceTree = "<group>"; };
		7E345B7422390AC30035C86D /* MenuGrid.swift */ = {isa = PBXFileReference; lastKnownFileType = sourcecode.swift; path = MenuGrid.swift; sourceTree = "<group>"; };
		7E345B7722390AF20035C86D /* MenuTableCell.swift */ = {isa = PBXFileReference; lastKnownFileType = sourcecode.swift; path = MenuTableCell.swift; sourceTree = "<group>"; };
		7E345B7822390AF20035C86D /* MenuTableCell.xib */ = {isa = PBXFileReference; lastKnownFileType = file.xib; path = MenuTableCell.xib; sourceTree = "<group>"; };
		7E46289F2201DA26003BB300 /* FloatRatingView.swift */ = {isa = PBXFileReference; fileEncoding = 4; lastKnownFileType = sourcecode.swift; path = FloatRatingView.swift; sourceTree = "<group>"; };
		7E6390B921FAEB740039FED1 /* CategoryTab.swift */ = {isa = PBXFileReference; lastKnownFileType = sourcecode.swift; path = CategoryTab.swift; sourceTree = "<group>"; };
		7E6A02C421F9D80900DDF3C2 /* ProductDetails.swift */ = {isa = PBXFileReference; lastKnownFileType = sourcecode.swift; path = ProductDetails.swift; sourceTree = "<group>"; };
		7E7189E821F599980093FAD6 /* Dubai-Regular.ttf */ = {isa = PBXFileReference; lastKnownFileType = file; path = "Dubai-Regular.ttf"; sourceTree = "<group>"; };
		7E7189E921F599980093FAD6 /* Dubai-Medium.ttf */ = {isa = PBXFileReference; lastKnownFileType = file; path = "Dubai-Medium.ttf"; sourceTree = "<group>"; };
		7E7189EA21F599980093FAD6 /* Dubai-Light.ttf */ = {isa = PBXFileReference; lastKnownFileType = file; path = "Dubai-Light.ttf"; sourceTree = "<group>"; };
		7E7189EB21F599990093FAD6 /* Dubai-Bold.ttf */ = {isa = PBXFileReference; lastKnownFileType = file; path = "Dubai-Bold.ttf"; sourceTree = "<group>"; };
		7E7F69E32236A293000EABEE /* p3.jpg */ = {isa = PBXFileReference; lastKnownFileType = image.jpeg; path = p3.jpg; sourceTree = "<group>"; };
		7E7F69E42236A294000EABEE /* p5.jpg */ = {isa = PBXFileReference; lastKnownFileType = image.jpeg; path = p5.jpg; sourceTree = "<group>"; };
		7E7F69E52236A294000EABEE /* p2.jpg */ = {isa = PBXFileReference; lastKnownFileType = image.jpeg; path = p2.jpg; sourceTree = "<group>"; };
		7E7F69E62236A295000EABEE /* p1.jpg */ = {isa = PBXFileReference; lastKnownFileType = image.jpeg; path = p1.jpg; sourceTree = "<group>"; };
		7E7F69E72236A296000EABEE /* p4.jpg */ = {isa = PBXFileReference; lastKnownFileType = image.jpeg; path = p4.jpg; sourceTree = "<group>"; };
		7E7F69E82236A296000EABEE /* p6.jpg */ = {isa = PBXFileReference; lastKnownFileType = image.jpeg; path = p6.jpg; sourceTree = "<group>"; };
		7E8B488E221C272B006B1997 /* SectionTwoXS.storyboard */ = {isa = PBXFileReference; lastKnownFileType = file.storyboard; path = SectionTwoXS.storyboard; sourceTree = "<group>"; };
		7E8B4890221C277D006B1997 /* SectionTwoXSMAX.storyboard */ = {isa = PBXFileReference; lastKnownFileType = file.storyboard; path = SectionTwoXSMAX.storyboard; sourceTree = "<group>"; };
		7E8B4892221C2822006B1997 /* SectionThree6S.storyboard */ = {isa = PBXFileReference; lastKnownFileType = file.storyboard; path = SectionThree6S.storyboard; sourceTree = "<group>"; };
		7E8B4894221C2871006B1997 /* SectionThree6SPlus.storyboard */ = {isa = PBXFileReference; lastKnownFileType = file.storyboard; path = SectionThree6SPlus.storyboard; sourceTree = "<group>"; };
		7E8B4896221C2898006B1997 /* SectionThreeXS.storyboard */ = {isa = PBXFileReference; lastKnownFileType = file.storyboard; path = SectionThreeXS.storyboard; sourceTree = "<group>"; };
		7E8B4898221C28AC006B1997 /* SectionThreeXSMAX.storyboard */ = {isa = PBXFileReference; lastKnownFileType = file.storyboard; path = SectionThreeXSMAX.storyboard; sourceTree = "<group>"; };
		7E8B489A221C28C4006B1997 /* SectionFour6S.storyboard */ = {isa = PBXFileReference; lastKnownFileType = file.storyboard; path = SectionFour6S.storyboard; sourceTree = "<group>"; };
		7E8B489C221C28D4006B1997 /* SectionFour6SPlus.storyboard */ = {isa = PBXFileReference; lastKnownFileType = file.storyboard; path = SectionFour6SPlus.storyboard; sourceTree = "<group>"; };
		7E8B489E221C28E2006B1997 /* SectionFourXS.storyboard */ = {isa = PBXFileReference; lastKnownFileType = file.storyboard; path = SectionFourXS.storyboard; sourceTree = "<group>"; };
		7E8B48A0221C28ED006B1997 /* SectionFourXSMAX.storyboard */ = {isa = PBXFileReference; lastKnownFileType = file.storyboard; path = SectionFourXSMAX.storyboard; sourceTree = "<group>"; };
		7E8B48A2221C28FE006B1997 /* SectionFive6S.storyboard */ = {isa = PBXFileReference; lastKnownFileType = file.storyboard; path = SectionFive6S.storyboard; sourceTree = "<group>"; };
		7E8B48A4221C290E006B1997 /* SectionFive6SPlus.storyboard */ = {isa = PBXFileReference; lastKnownFileType = file.storyboard; path = SectionFive6SPlus.storyboard; sourceTree = "<group>"; };
		7E8B48A6221C291D006B1997 /* SectionFiveXS.storyboard */ = {isa = PBXFileReference; lastKnownFileType = file.storyboard; path = SectionFiveXS.storyboard; sourceTree = "<group>"; };
		7E8B48A8221C292E006B1997 /* SectionFiveXSMAX.storyboard */ = {isa = PBXFileReference; lastKnownFileType = file.storyboard; path = SectionFiveXSMAX.storyboard; sourceTree = "<group>"; };
		7E90D0F8221E797A00CFFC97 /* icon-40@3x.png */ = {isa = PBXFileReference; lastKnownFileType = image.png; path = "icon-40@3x.png"; sourceTree = "<group>"; };
		7E90D0F9221E797A00CFFC97 /* icon-1024.png */ = {isa = PBXFileReference; lastKnownFileType = image.png; path = "icon-1024.png"; sourceTree = "<group>"; };
		7E90D0FA221E797B00CFFC97 /* icon-29@2x.png */ = {isa = PBXFileReference; lastKnownFileType = image.png; path = "icon-29@2x.png"; sourceTree = "<group>"; };
		7E90D0FB221E797C00CFFC97 /* icon-60.png */ = {isa = PBXFileReference; lastKnownFileType = image.png; path = "icon-60.png"; sourceTree = "<group>"; };
		7E90D0FC221E797D00CFFC97 /* icon-40.png */ = {isa = PBXFileReference; lastKnownFileType = image.png; path = "icon-40.png"; sourceTree = "<group>"; };
		7E90D0FD221E797E00CFFC97 /* icon-60@2x.png */ = {isa = PBXFileReference; lastKnownFileType = image.png; path = "icon-60@2x.png"; sourceTree = "<group>"; };
		7E90D0FE221E797E00CFFC97 /* icon-20@3x.png */ = {isa = PBXFileReference; lastKnownFileType = image.png; path = "icon-20@3x.png"; sourceTree = "<group>"; };
		7E90D0FF221E797F00CFFC97 /* icon-29.png */ = {isa = PBXFileReference; lastKnownFileType = image.png; path = "icon-29.png"; sourceTree = "<group>"; };
		7E90D100221E798000CFFC97 /* icon-20@2x.png */ = {isa = PBXFileReference; lastKnownFileType = image.png; path = "icon-20@2x.png"; sourceTree = "<group>"; };
		7E90D101221E798000CFFC97 /* icon-40@2x.png */ = {isa = PBXFileReference; lastKnownFileType = image.png; path = "icon-40@2x.png"; sourceTree = "<group>"; };
		7E90D102221E798100CFFC97 /* icon-60@3x.png */ = {isa = PBXFileReference; lastKnownFileType = image.png; path = "icon-60@3x.png"; sourceTree = "<group>"; };
		7E90D103221E798600CFFC97 /* icon-29@3x.png */ = {isa = PBXFileReference; lastKnownFileType = image.png; path = "icon-29@3x.png"; sourceTree = "<group>"; };
		7E90D104221E798700CFFC97 /* icon-20.png */ = {isa = PBXFileReference; lastKnownFileType = image.png; path = "icon-20.png"; sourceTree = "<group>"; };
		7E92B8FC2279BFB500C7775D /* Billing.swift */ = {isa = PBXFileReference; lastKnownFileType = sourcecode.swift; path = Billing.swift; sourceTree = "<group>"; };
		7E92B8FE2279BFCA00C7775D /* Shippingmethod.swift */ = {isa = PBXFileReference; lastKnownFileType = sourcecode.swift; path = Shippingmethod.swift; sourceTree = "<group>"; };
		7E92B9002279BFD800C7775D /* Paymentmethod.swift */ = {isa = PBXFileReference; lastKnownFileType = sourcecode.swift; path = Paymentmethod.swift; sourceTree = "<group>"; };
		7E92B9032279CAED00C7775D /* BTCell.swift */ = {isa = PBXFileReference; lastKnownFileType = sourcecode.swift; path = BTCell.swift; sourceTree = "<group>"; };
		7E92B9042279CAED00C7775D /* BTCell.xib */ = {isa = PBXFileReference; lastKnownFileType = file.xib; path = BTCell.xib; sourceTree = "<group>"; };
		7E92B9092279DA6400C7775D /* PUCell.swift */ = {isa = PBXFileReference; lastKnownFileType = sourcecode.swift; path = PUCell.swift; sourceTree = "<group>"; };
		7E92B90A2279DA6400C7775D /* PUCell.xib */ = {isa = PBXFileReference; lastKnownFileType = file.xib; path = PUCell.xib; sourceTree = "<group>"; };
		7E92B90D2279DA7000C7775D /* SPCell.swift */ = {isa = PBXFileReference; lastKnownFileType = sourcecode.swift; path = SPCell.swift; sourceTree = "<group>"; };
		7E92B90E2279DA7000C7775D /* SPCell.xib */ = {isa = PBXFileReference; lastKnownFileType = file.xib; path = SPCell.xib; sourceTree = "<group>"; };
		7E9E6394221FDE0B0014EEBE /* OHCell.swift */ = {isa = PBXFileReference; fileEncoding = 4; lastKnownFileType = sourcecode.swift; path = OHCell.swift; sourceTree = "<group>"; };
		7E9E6395221FDE0B0014EEBE /* OHCell.xib */ = {isa = PBXFileReference; fileEncoding = 4; lastKnownFileType = file.xib; path = OHCell.xib; sourceTree = "<group>"; };
		7E9E6399221FE72F0014EEBE /* WLCell.swift */ = {isa = PBXFileReference; fileEncoding = 4; lastKnownFileType = sourcecode.swift; path = WLCell.swift; sourceTree = "<group>"; };
		7E9E639A221FE72F0014EEBE /* WLCell.xib */ = {isa = PBXFileReference; fileEncoding = 4; lastKnownFileType = file.xib; path = WLCell.xib; sourceTree = "<group>"; };
		7E9E639E221FF2BE0014EEBE /* DACell.swift */ = {isa = PBXFileReference; lastKnownFileType = sourcecode.swift; path = DACell.swift; sourceTree = "<group>"; };
		7E9E639F221FF2BE0014EEBE /* DACell.xib */ = {isa = PBXFileReference; lastKnownFileType = file.xib; path = DACell.xib; sourceTree = "<group>"; };
		7E9E63A3221FF94E0014EEBE /* SLCell.swift */ = {isa = PBXFileReference; lastKnownFileType = sourcecode.swift; path = SLCell.swift; sourceTree = "<group>"; };
		7E9E63A4221FF94E0014EEBE /* SLCell.xib */ = {isa = PBXFileReference; lastKnownFileType = file.xib; path = SLCell.xib; sourceTree = "<group>"; };
		7EA4AADF21FB1D2D0089B41B /* SearchProduct.swift */ = {isa = PBXFileReference; lastKnownFileType = sourcecode.swift; path = SearchProduct.swift; sourceTree = "<group>"; };
		7EA4AAE421FB1D4A0089B41B /* OrderHistory.swift */ = {isa = PBXFileReference; lastKnownFileType = sourcecode.swift; path = OrderHistory.swift; sourceTree = "<group>"; };
		7EB1FAF0221AAC22004E15F2 /* Default-736h.png */ = {isa = PBXFileReference; lastKnownFileType = image.png; path = "Default-736h.png"; sourceTree = "<group>"; };
		7EB1FAF1221AAC22004E15F2 /* Default-812h@3x.png */ = {isa = PBXFileReference; lastKnownFileType = image.png; path = "Default-812h@3x.png"; sourceTree = "<group>"; };
		7EB1FAF2221AAC23004E15F2 /* Default.png */ = {isa = PBXFileReference; lastKnownFileType = image.png; path = Default.png; sourceTree = "<group>"; };
		7EB1FAF3221AAC23004E15F2 /* Default@2x.png */ = {isa = PBXFileReference; lastKnownFileType = image.png; path = "Default@2x.png"; sourceTree = "<group>"; };
		7EB1FAF4221AAC23004E15F2 /* Default-802h.png */ = {isa = PBXFileReference; lastKnownFileType = image.png; path = "Default-802h.png"; sourceTree = "<group>"; };
		7EB1FAF5221AAC24004E15F2 /* Default-667h.png */ = {isa = PBXFileReference; lastKnownFileType = image.png; path = "Default-667h.png"; sourceTree = "<group>"; };
		7EB1FAF6221AAC24004E15F2 /* Default-568h@2x.png */ = {isa = PBXFileReference; lastKnownFileType = image.png; path = "Default-568h@2x.png"; sourceTree = "<group>"; };
		7EB1FAF7221AAC25004E15F2 /* Default-812h@2x.png */ = {isa = PBXFileReference; lastKnownFileType = image.png; path = "Default-812h@2x.png"; sourceTree = "<group>"; };
		7EC7B7DA21F1AAA600A9B632 /* Saudi Fisheries.app */ = {isa = PBXFileReference; explicitFileType = wrapper.application; includeInIndex = 0; path = "Saudi Fisheries.app"; sourceTree = BUILT_PRODUCTS_DIR; };
		7EC7B7DD21F1AAA600A9B632 /* AppDelegate.swift */ = {isa = PBXFileReference; lastKnownFileType = sourcecode.swift; path = AppDelegate.swift; sourceTree = "<group>"; };
		7EC7B7DF21F1AAA600A9B632 /* ViewController.swift */ = {isa = PBXFileReference; lastKnownFileType = sourcecode.swift; path = ViewController.swift; sourceTree = "<group>"; };
		7EC7B7E221F1AAA600A9B632 /* Base */ = {isa = PBXFileReference; lastKnownFileType = file.storyboard; name = Base; path = Base.lproj/Main.storyboard; sourceTree = "<group>"; };
		7EC7B7E521F1AAA600A9B632 /* Saudi_Fisheries.xcdatamodel */ = {isa = PBXFileReference; lastKnownFileType = wrapper.xcdatamodel; path = Saudi_Fisheries.xcdatamodel; sourceTree = "<group>"; };
		7EC7B7E721F1AAE300A9B632 /* Assets.xcassets */ = {isa = PBXFileReference; lastKnownFileType = folder.assetcatalog; path = Assets.xcassets; sourceTree = "<group>"; };
		7EC7B7EA21F1AAE400A9B632 /* Base */ = {isa = PBXFileReference; lastKnownFileType = file.storyboard; name = Base; path = Base.lproj/LaunchScreen.storyboard; sourceTree = "<group>"; };
		7EC7B7EC21F1AAE400A9B632 /* Info.plist */ = {isa = PBXFileReference; lastKnownFileType = text.plist.xml; path = Info.plist; sourceTree = "<group>"; };
		7EC7B7F321F1B14400A9B632 /* login.swift */ = {isa = PBXFileReference; lastKnownFileType = sourcecode.swift; path = login.swift; sourceTree = "<group>"; };
		7ED3E98121FEEC5300D4CD5E /* PickupShipping.swift */ = {isa = PBXFileReference; lastKnownFileType = sourcecode.swift; path = PickupShipping.swift; sourceTree = "<group>"; };
		7ED3E98921FEEC6C00D4CD5E /* OrderReview.swift */ = {isa = PBXFileReference; lastKnownFileType = sourcecode.swift; path = OrderReview.swift; sourceTree = "<group>"; };
		7ED3E98D21FEEC7700D4CD5E /* ThankYouOrder.swift */ = {isa = PBXFileReference; lastKnownFileType = sourcecode.swift; path = ThankYouOrder.swift; sourceTree = "<group>"; };
		7EDCF61121FB431900DAF75D /* collectionCELL1.swift */ = {isa = PBXFileReference; lastKnownFileType = sourcecode.swift; path = collectionCELL1.swift; sourceTree = "<group>"; };
		7EDCF61221FB431900DAF75D /* collectionCELL1.xib */ = {isa = PBXFileReference; lastKnownFileType = file.xib; path = collectionCELL1.xib; sourceTree = "<group>"; };
		7EDCF61621FB53E400DAF75D /* LCell.swift */ = {isa = PBXFileReference; lastKnownFileType = sourcecode.swift; path = LCell.swift; sourceTree = "<group>"; };
		7EDCF61721FB53E400DAF75D /* LCell.xib */ = {isa = PBXFileReference; lastKnownFileType = file.xib; path = LCell.xib; sourceTree = "<group>"; };
		7EDEDD55226852A70008B83B /* frame-14.png */ = {isa = PBXFileReference; lastKnownFileType = image.png; path = "frame-14.png"; sourceTree = "<group>"; };
		7EDEDD56226852A80008B83B /* frame-13.png */ = {isa = PBXFileReference; lastKnownFileType = image.png; path = "frame-13.png"; sourceTree = "<group>"; };
		7EDEDD57226852A90008B83B /* frame-0.png */ = {isa = PBXFileReference; lastKnownFileType = image.png; path = "frame-0.png"; sourceTree = "<group>"; };
		7EDEDD58226852AA0008B83B /* frame-26.png */ = {isa = PBXFileReference; lastKnownFileType = image.png; path = "frame-26.png"; sourceTree = "<group>"; };
		7EDEDD59226852AC0008B83B /* frame-5.png */ = {isa = PBXFileReference; lastKnownFileType = image.png; path = "frame-5.png"; sourceTree = "<group>"; };
		7EDEDD5A226852AD0008B83B /* frame-15.png */ = {isa = PBXFileReference; lastKnownFileType = image.png; path = "frame-15.png"; sourceTree = "<group>"; };
		7EDEDD5B226852AE0008B83B /* frame-1.png */ = {isa = PBXFileReference; lastKnownFileType = image.png; path = "frame-1.png"; sourceTree = "<group>"; };
		7EDEDD5C226852AF0008B83B /* frame-6.png */ = {isa = PBXFileReference; lastKnownFileType = image.png; path = "frame-6.png"; sourceTree = "<group>"; };
		7EDEDD5D226852B00008B83B /* frame-8.png */ = {isa = PBXFileReference; lastKnownFileType = image.png; path = "frame-8.png"; sourceTree = "<group>"; };
		7EDEDD5E226852B00008B83B /* frame-29.png */ = {isa = PBXFileReference; lastKnownFileType = image.png; path = "frame-29.png"; sourceTree = "<group>"; };
		7EDEDD5F226852B20008B83B /* frame-21.png */ = {isa = PBXFileReference; lastKnownFileType = image.png; path = "frame-21.png"; sourceTree = "<group>"; };
		7EDEDD60226852B20008B83B /* frame-27.png */ = {isa = PBXFileReference; lastKnownFileType = image.png; path = "frame-27.png"; sourceTree = "<group>"; };
		7EDEDD61226852B40008B83B /* frame-9.png */ = {isa = PBXFileReference; lastKnownFileType = image.png; path = "frame-9.png"; sourceTree = "<group>"; };
		7EDEDD62226852B50008B83B /* frame-2.png */ = {isa = PBXFileReference; lastKnownFileType = image.png; path = "frame-2.png"; sourceTree = "<group>"; };
		7EDEDD63226852B60008B83B /* frame-19.png */ = {isa = PBXFileReference; lastKnownFileType = image.png; path = "frame-19.png"; sourceTree = "<group>"; };
		7EDEDD64226852B70008B83B /* frame-20.png */ = {isa = PBXFileReference; lastKnownFileType = image.png; path = "frame-20.png"; sourceTree = "<group>"; };
		7EDEDD65226852B70008B83B /* frame-17.png */ = {isa = PBXFileReference; lastKnownFileType = image.png; path = "frame-17.png"; sourceTree = "<group>"; };
		7EDEDD66226852B80008B83B /* frame-23.png */ = {isa = PBXFileReference; lastKnownFileType = image.png; path = "frame-23.png"; sourceTree = "<group>"; };
		7EDEDD67226852B90008B83B /* frame-11.png */ = {isa = PBXFileReference; lastKnownFileType = image.png; path = "frame-11.png"; sourceTree = "<group>"; };
		7EDEDD68226852B90008B83B /* frame-12.png */ = {isa = PBXFileReference; lastKnownFileType = image.png; path = "frame-12.png"; sourceTree = "<group>"; };
		7EDEDD69226852BA0008B83B /* frame-28.png */ = {isa = PBXFileReference; lastKnownFileType = image.png; path = "frame-28.png"; sourceTree = "<group>"; };
		7EDEDD6A226852BB0008B83B /* frame-7.png */ = {isa = PBXFileReference; lastKnownFileType = image.png; path = "frame-7.png"; sourceTree = "<group>"; };
		7EDEDD6B226852BB0008B83B /* frame-18.png */ = {isa = PBXFileReference; lastKnownFileType = image.png; path = "frame-18.png"; sourceTree = "<group>"; };
		7EDEDD6C226852BC0008B83B /* frame-10.png */ = {isa = PBXFileReference; lastKnownFileType = image.png; path = "frame-10.png"; sourceTree = "<group>"; };
		7EDEDD6D226852BD0008B83B /* frame-22.png */ = {isa = PBXFileReference; lastKnownFileType = image.png; path = "frame-22.png"; sourceTree = "<group>"; };
		7EDEDD6E226852BF0008B83B /* frame-16.png */ = {isa = PBXFileReference; lastKnownFileType = image.png; path = "frame-16.png"; sourceTree = "<group>"; };
		7EDEDD6F226852C20008B83B /* frame-25.png */ = {isa = PBXFileReference; lastKnownFileType = image.png; path = "frame-25.png"; sourceTree = "<group>"; };
		7EDEDD70226852C30008B83B /* frame-4.png */ = {isa = PBXFileReference; lastKnownFileType = image.png; path = "frame-4.png"; sourceTree = "<group>"; };
		7EDEDD71226852C70008B83B /* frame-3.png */ = {isa = PBXFileReference; lastKnownFileType = image.png; path = "frame-3.png"; sourceTree = "<group>"; };
		7EDEDD72226852CA0008B83B /* frame-24.png */ = {isa = PBXFileReference; lastKnownFileType = image.png; path = "frame-24.png"; sourceTree = "<group>"; };
		7EED0DFE2200336E0086D4CE /* MyProfileDetails.swift */ = {isa = PBXFileReference; lastKnownFileType = sourcecode.swift; path = MyProfileDetails.swift; sourceTree = "<group>"; };
		7EED0E03220033D00086D4CE /* MyWishlist.swift */ = {isa = PBXFileReference; lastKnownFileType = sourcecode.swift; path = MyWishlist.swift; sourceTree = "<group>"; };
		7EED0E082200340E0086D4CE /* StoreLocator.swift */ = {isa = PBXFileReference; lastKnownFileType = sourcecode.swift; path = StoreLocator.swift; sourceTree = "<group>"; };
		7EED0E0D2200425D0086D4CE /* DeliveryAddressList.swift */ = {isa = PBXFileReference; lastKnownFileType = sourcecode.swift; path = DeliveryAddressList.swift; sourceTree = "<group>"; };
		7EED0E13220060D30086D4CE /* STCellTABLE.swift */ = {isa = PBXFileReference; lastKnownFileType = sourcecode.swift; path = STCellTABLE.swift; sourceTree = "<group>"; };
		7EED0E14220060D30086D4CE /* STCellTABLE.xib */ = {isa = PBXFileReference; lastKnownFileType = file.xib; path = STCellTABLE.xib; sourceTree = "<group>"; };
		7EEEAB54227AD7FA00C65240 /* SMCell.xib */ = {isa = PBXFileReference; fileEncoding = 4; lastKnownFileType = file.xib; path = SMCell.xib; sourceTree = "<group>"; };
		7EEEAB55227AD7FB00C65240 /* SMCell.swift */ = {isa = PBXFileReference; fileEncoding = 4; lastKnownFileType = sourcecode.swift; path = SMCell.swift; sourceTree = "<group>"; };
		7EEEAB59227AEFBF00C65240 /* PMCell.swift */ = {isa = PBXFileReference; lastKnownFileType = sourcecode.swift; path = PMCell.swift; sourceTree = "<group>"; };
		7EEEAB5A227AEFBF00C65240 /* PMCell.xib */ = {isa = PBXFileReference; lastKnownFileType = file.xib; path = PMCell.xib; sourceTree = "<group>"; };
		7EEEAB5E227AFA5800C65240 /* ORCell.swift */ = {isa = PBXFileReference; lastKnownFileType = sourcecode.swift; path = ORCell.swift; sourceTree = "<group>"; };
		7EEEAB5F227AFA5800C65240 /* ORCell.xib */ = {isa = PBXFileReference; lastKnownFileType = file.xib; path = ORCell.xib; sourceTree = "<group>"; };
		7EF0B543221C250F00BBD81F /* SectionOne6S.storyboard */ = {isa = PBXFileReference; lastKnownFileType = file.storyboard; path = SectionOne6S.storyboard; sourceTree = "<group>"; };
		7EF0B545221C252100BBD81F /* SectionOne6SPlus.storyboard */ = {isa = PBXFileReference; lastKnownFileType = file.storyboard; path = SectionOne6SPlus.storyboard; sourceTree = "<group>"; };
		7EF0B547221C253E00BBD81F /* SectionOneXS.storyboard */ = {isa = PBXFileReference; lastKnownFileType = file.storyboard; path = SectionOneXS.storyboard; sourceTree = "<group>"; };
		7EF0B549221C254E00BBD81F /* SectionOneXSMAX.storyboard */ = {isa = PBXFileReference; lastKnownFileType = file.storyboard; path = SectionOneXSMAX.storyboard; sourceTree = "<group>"; };
		7EF0B54B221C25C800BBD81F /* SectionTwo6S.storyboard */ = {isa = PBXFileReference; lastKnownFileType = file.storyboard; path = SectionTwo6S.storyboard; sourceTree = "<group>"; };
		7EF0B54D221C25EF00BBD81F /* SectionTwo6SPlus.storyboard */ = {isa = PBXFileReference; lastKnownFileType = file.storyboard; path = SectionTwo6SPlus.storyboard; sourceTree = "<group>"; };
		88369D8E21F9BD2C002BB491 /* Slidemenu.swift */ = {isa = PBXFileReference; fileEncoding = 4; lastKnownFileType = sourcecode.swift; path = Slidemenu.swift; sourceTree = "<group>"; };
/* End PBXFileReference section */

/* Begin PBXFrameworksBuildPhase section */
		7EC7B7D721F1AAA600A9B632 /* Frameworks */ = {
			isa = PBXFrameworksBuildPhase;
			buildActionMask = 2147483647;
			files = (
				7E176FF321F1C99C00D04B72 /* QuartzCore.framework in Frameworks */,
				7E176FF121F1C99700D04B72 /* CoreGraphics.framework in Frameworks */,
			);
			runOnlyForDeploymentPostprocessing = 0;
		};
/* End PBXFrameworksBuildPhase section */

/* Begin PBXGroup section */
		7E176FE921F1B78100D04B72 /* AppDelegate */ = {
			isa = PBXGroup;
			children = (
				7EC7B7DD21F1AAA600A9B632 /* AppDelegate.swift */,
			);
			path = AppDelegate;
			sourceTree = "<group>";
		};
		7E176FEA21F1C75900D04B72 /* Registration */ = {
			isa = PBXGroup;
			children = (
				7E176FEB21F1C78900D04B72 /* Registration.swift */,
			);
			path = Registration;
			sourceTree = "<group>";
		};
		7E176FEF21F1C99600D04B72 /* Frameworks */ = {
			isa = PBXGroup;
			children = (
				7E176FF221F1C99C00D04B72 /* QuartzCore.framework */,
				7E176FF021F1C99700D04B72 /* CoreGraphics.framework */,
			);
			name = Frameworks;
			sourceTree = "<group>";
		};
		7E176FF421F1D2FD00D04B72 /* DESIGN */ = {
			isa = PBXGroup;
			children = (
				7EDEDD54226852780008B83B /* spinner */,
				7E29D28E21F6FD3500062EA8 /* banner */,
				7E29D29721F70DB100062EA8 /* products */,
				7E17700621F1D40600D04B72 /* appicon */,
				7E176FF521F1D30F00D04B72 /* splashscreen */,
			);
			path = DESIGN;
			sourceTree = "<group>";
		};
		7E176FF521F1D30F00D04B72 /* splashscreen */ = {
			isa = PBXGroup;
			children = (
				7EB1FAF6221AAC24004E15F2 /* Default-568h@2x.png */,
				7EB1FAF5221AAC24004E15F2 /* Default-667h.png */,
				7EB1FAF0221AAC22004E15F2 /* Default-736h.png */,
				7EB1FAF4221AAC23004E15F2 /* Default-802h.png */,
				7EB1FAF7221AAC25004E15F2 /* Default-812h@2x.png */,
				7EB1FAF1221AAC22004E15F2 /* Default-812h@3x.png */,
				7EB1FAF2221AAC23004E15F2 /* Default.png */,
				7EB1FAF3221AAC23004E15F2 /* Default@2x.png */,
			);
			path = splashscreen;
			sourceTree = "<group>";
		};
		7E17700621F1D40600D04B72 /* appicon */ = {
			isa = PBXGroup;
			children = (
				7E90D104221E798700CFFC97 /* icon-20.png */,
				7E90D100221E798000CFFC97 /* icon-20@2x.png */,
				7E90D0FE221E797E00CFFC97 /* icon-20@3x.png */,
				7E90D0FF221E797F00CFFC97 /* icon-29.png */,
				7E90D0FA221E797B00CFFC97 /* icon-29@2x.png */,
				7E90D103221E798600CFFC97 /* icon-29@3x.png */,
				7E90D0FC221E797D00CFFC97 /* icon-40.png */,
				7E90D101221E798000CFFC97 /* icon-40@2x.png */,
				7E90D0F8221E797A00CFFC97 /* icon-40@3x.png */,
				7E90D0FB221E797C00CFFC97 /* icon-60.png */,
				7E90D0FD221E797E00CFFC97 /* icon-60@2x.png */,
				7E90D102221E798100CFFC97 /* icon-60@3x.png */,
				7E90D0F9221E797A00CFFC97 /* icon-1024.png */,
			);
			path = appicon;
			sourceTree = "<group>";
		};
		7E17702121F1D73400D04B72 /* Home */ = {
			isa = PBXGroup;
			children = (
				7E17702621F1D7BA00D04B72 /* HomeTab.swift */,
			);
			path = Home;
			sourceTree = "<group>";
		};
		7E17702221F1D77100D04B72 /* ProductGrid */ = {
			isa = PBXGroup;
			children = (
				7EED0E12220060860086D4CE /* tableCELL */,
				7E29D2A621F741DC00062EA8 /* collectionCELL */,
				7E17702A21F1D7C800D04B72 /* ProductGrid.swift */,
			);
			path = ProductGrid;
			sourceTree = "<group>";
		};
		7E17702321F1D77B00D04B72 /* Cart */ = {
			isa = PBXGroup;
			children = (
				7EDCF61521FB53C400DAF75D /* LCell */,
				7E17702E21F1D7D600D04B72 /* CartTab.swift */,
			);
			path = Cart;
			sourceTree = "<group>";
		};
		7E17702421F1D77F00D04B72 /* More */ = {
			isa = PBXGroup;
			children = (
				7E17703221F1D7E400D04B72 /* MoreTab.swift */,
			);
			path = More;
			sourceTree = "<group>";
		};
		7E17702521F1D78700D04B72 /* CODE-CLASS */ = {
			isa = PBXGroup;
			children = (
				7EF0B542221C24C900BBD81F /* SECTION5 */,
				7EF0B541221C24B200BBD81F /* SECTION4 */,
				7EF0B540221C24AB00BBD81F /* SECTION3 */,
				7EF0B53F221C24A500BBD81F /* SECTION2 */,
				7EF0B53E221C249A00BBD81F /* SECTION1 */,
				7E176FE921F1B78100D04B72 /* AppDelegate */,
			);
			path = "CODE-CLASS";
			sourceTree = "<group>";
		};
		7E1B3990227B2BD500A0971C /* ORWCell */ = {
			isa = PBXGroup;
			children = (
				7E1B3991227B2BF700A0971C /* ORWCell.swift */,
				7E1B3992227B2BF700A0971C /* ORWCell.xib */,
			);
			path = ORWCell;
			sourceTree = "<group>";
		};
		7E218A0022898954007E35C7 /* ProductReviews */ = {
			isa = PBXGroup;
			children = (
				7E218A032289A433007E35C7 /* PRCell */,
				7E218A0122898982007E35C7 /* ProductReviews.swift */,
			);
			path = ProductReviews;
			sourceTree = "<group>";
		};
		7E218A032289A433007E35C7 /* PRCell */ = {
			isa = PBXGroup;
			children = (
				7E218A042289A4B1007E35C7 /* PRCell.swift */,
				7E218A052289A4B1007E35C7 /* PRCell.xib */,
			);
			path = PRCell;
			sourceTree = "<group>";
		};
		7E29D28E21F6FD3500062EA8 /* banner */ = {
			isa = PBXGroup;
			children = (
				7E29D29121F6FD3F00062EA8 /* banner1.png */,
				7E29D29221F6FD3F00062EA8 /* banner2.png */,
				7E29D28F21F6FD3F00062EA8 /* banner3.png */,
				7E29D29021F6FD3F00062EA8 /* banner4.png */,
			);
			path = banner;
			sourceTree = "<group>";
		};
		7E29D29721F70DB100062EA8 /* products */ = {
			isa = PBXGroup;
			children = (
				7E7F69E62236A295000EABEE /* p1.jpg */,
				7E7F69E52236A294000EABEE /* p2.jpg */,
				7E7F69E32236A293000EABEE /* p3.jpg */,
				7E7F69E72236A296000EABEE /* p4.jpg */,
				7E7F69E42236A294000EABEE /* p5.jpg */,
				7E7F69E82236A296000EABEE /* p6.jpg */,
			);
			path = products;
			sourceTree = "<group>";
		};
		7E29D2A621F741DC00062EA8 /* collectionCELL */ = {
			isa = PBXGroup;
			children = (
				7E29D2A821F741F900062EA8 /* STCell.swift */,
				7E29D2A721F741F900062EA8 /* STCell.xib */,
			);
			name = collectionCELL;
			sourceTree = "<group>";
		};
		7E345B702238E68F0035C86D /* AddDeliveryAddress */ = {
			isa = PBXGroup;
			children = (
				7E345B712238E6C10035C86D /* AddDeliveryAddress.swift */,
			);
			path = AddDeliveryAddress;
			sourceTree = "<group>";
		};
		7E345B7322390A9E0035C86D /* MenuGrid */ = {
			isa = PBXGroup;
			children = (
				7E345B7622390AD00035C86D /* MenuTableCell */,
				7E345B7422390AC30035C86D /* MenuGrid.swift */,
			);
			path = MenuGrid;
			sourceTree = "<group>";
		};
		7E345B7622390AD00035C86D /* MenuTableCell */ = {
			isa = PBXGroup;
			children = (
				7E345B7722390AF20035C86D /* MenuTableCell.swift */,
				7E345B7822390AF20035C86D /* MenuTableCell.xib */,
			);
			path = MenuTableCell;
			sourceTree = "<group>";
		};
		7E46289D2201D9FE003BB300 /* CUSTOM-CLASS */ = {
			isa = PBXGroup;
			children = (
				7E46289E2201DA09003BB300 /* FloatRatingView */,
			);
			path = "CUSTOM-CLASS";
			sourceTree = "<group>";
		};
		7E46289E2201DA09003BB300 /* FloatRatingView */ = {
			isa = PBXGroup;
			children = (
				7E46289F2201DA26003BB300 /* FloatRatingView.swift */,
			);
			path = FloatRatingView;
			sourceTree = "<group>";
		};
		7E6390B821FAEB4A0039FED1 /* Category */ = {
			isa = PBXGroup;
			children = (
				7EDCF61021FB42E600DAF75D /* collectionCELL1 */,
				7E6390B921FAEB740039FED1 /* CategoryTab.swift */,
			);
			path = Category;
			sourceTree = "<group>";
		};
		7E6A02C321F9D7EE00DDF3C2 /* ProductDetails */ = {
			isa = PBXGroup;
			children = (
				7E6A02C421F9D80900DDF3C2 /* ProductDetails.swift */,
			);
			path = ProductDetails;
			sourceTree = "<group>";
		};
		7E7189E721F599880093FAD6 /* TEXT-FONT */ = {
			isa = PBXGroup;
			children = (
				7E13B87E2209B0BB00F7915C /* futura_heavy.ttf */,
				7E13B87F2209B0BC00F7915C /* futura.ttf */,
				7E13B87C2209B0BA00F7915C /* ge_ss_two_bold.ttf */,
				7E13B8802209B0BC00F7915C /* ge_ss_two_light.ttf */,
				7E13B87D2209B0BB00F7915C /* ge_ss_two_medium.ttf */,
				7E7189EB21F599990093FAD6 /* Dubai-Bold.ttf */,
				7E7189EA21F599980093FAD6 /* Dubai-Light.ttf */,
				7E7189E921F599980093FAD6 /* Dubai-Medium.ttf */,
				7E7189E821F599980093FAD6 /* Dubai-Regular.ttf */,
			);
			path = "TEXT-FONT";
			sourceTree = "<group>";
		};
		7E92B8F72279921B00C7775D /* ManageAddress */ = {
			isa = PBXGroup;
			children = (
				7EED0E0C220042410086D4CE /* DeliveryAddressList */,
				7E345B702238E68F0035C86D /* AddDeliveryAddress */,
			);
			path = ManageAddress;
			sourceTree = "<group>";
		};
		7E92B8F92279BF0E00C7775D /* Billing */ = {
			isa = PBXGroup;
			children = (
				7E92B9022279CAA400C7775D /* BTCell */,
				7E92B8FC2279BFB500C7775D /* Billing.swift */,
			);
			path = Billing;
			sourceTree = "<group>";
		};
		7E92B8FA2279BF1F00C7775D /* Shippingmethod */ = {
			isa = PBXGroup;
			children = (
				7EEEAB53227AD7DD00C65240 /* SMCell */,
				7E92B8FE2279BFCA00C7775D /* Shippingmethod.swift */,
			);
			path = Shippingmethod;
			sourceTree = "<group>";
		};
		7E92B8FB2279BF3200C7775D /* Paymentmethod */ = {
			isa = PBXGroup;
			children = (
				7EEEAB58227AEFA000C65240 /* PMCell */,
				7E92B9002279BFD800C7775D /* Paymentmethod.swift */,
			);
			path = Paymentmethod;
			sourceTree = "<group>";
		};
		7E92B9022279CAA400C7775D /* BTCell */ = {
			isa = PBXGroup;
			children = (
				7E92B9032279CAED00C7775D /* BTCell.swift */,
				7E92B9042279CAED00C7775D /* BTCell.xib */,
			);
			path = BTCell;
			sourceTree = "<group>";
		};
		7E92B9072279DA3E00C7775D /* PUCell */ = {
			isa = PBXGroup;
			children = (
				7E92B9092279DA6400C7775D /* PUCell.swift */,
				7E92B90A2279DA6400C7775D /* PUCell.xib */,
			);
			path = PUCell;
			sourceTree = "<group>";
		};
		7E92B9082279DA4B00C7775D /* SPCell */ = {
			isa = PBXGroup;
			children = (
				7E92B90D2279DA7000C7775D /* SPCell.swift */,
				7E92B90E2279DA7000C7775D /* SPCell.xib */,
			);
			path = SPCell;
			sourceTree = "<group>";
		};
		7E9E6393221FDE0B0014EEBE /* OHCell */ = {
			isa = PBXGroup;
			children = (
				7E9E6394221FDE0B0014EEBE /* OHCell.swift */,
				7E9E6395221FDE0B0014EEBE /* OHCell.xib */,
			);
			path = OHCell;
			sourceTree = "<group>";
		};
		7E9E6398221FE72F0014EEBE /* WLCell */ = {
			isa = PBXGroup;
			children = (
				7E9E6399221FE72F0014EEBE /* WLCell.swift */,
				7E9E639A221FE72F0014EEBE /* WLCell.xib */,
			);
			name = WLCell;
			path = "../../../../../../AswaaqSuperMarket/CODE/Aswaaq Supermarket/CODE-CLASS/CUSTOMER/MyWishlist/WLCell";
			sourceTree = "<group>";
		};
		7E9E639D221FF2960014EEBE /* DACell */ = {
			isa = PBXGroup;
			children = (
				7E9E639E221FF2BE0014EEBE /* DACell.swift */,
				7E9E639F221FF2BE0014EEBE /* DACell.xib */,
			);
			path = DACell;
			sourceTree = "<group>";
		};
		7E9E63A2221FF93D0014EEBE /* SLCell */ = {
			isa = PBXGroup;
			children = (
				7E9E63A3221FF94E0014EEBE /* SLCell.swift */,
				7E9E63A4221FF94E0014EEBE /* SLCell.xib */,
			);
			path = SLCell;
			sourceTree = "<group>";
		};
		7EA4AADE21FB1D0B0089B41B /* Search */ = {
			isa = PBXGroup;
			children = (
				7EA4AADF21FB1D2D0089B41B /* SearchProduct.swift */,
			);
			path = Search;
			sourceTree = "<group>";
		};
		7EA4AAE321FB1D340089B41B /* OrderHistory */ = {
			isa = PBXGroup;
			children = (
				7E9E6393221FDE0B0014EEBE /* OHCell */,
				7EA4AAE421FB1D4A0089B41B /* OrderHistory.swift */,
			);
			name = OrderHistory;
			path = "New Group";
			sourceTree = "<group>";
		};
		7EC7B7D121F1AAA500A9B632 = {
			isa = PBXGroup;
			children = (
				7E46289D2201D9FE003BB300 /* CUSTOM-CLASS */,
				7E17702521F1D78700D04B72 /* CODE-CLASS */,
				7E176FF421F1D2FD00D04B72 /* DESIGN */,
				7E7189E721F599880093FAD6 /* TEXT-FONT */,
				7E176FE721F1B52A00D04B72 /* AllMediaImages.xcassets */,
				7EC7B7DC21F1AAA600A9B632 /* Saudi Fisheries */,
				7EC7B7DB21F1AAA600A9B632 /* Products */,
				7E176FEF21F1C99600D04B72 /* Frameworks */,
			);
			sourceTree = "<group>";
		};
		7EC7B7DB21F1AAA600A9B632 /* Products */ = {
			isa = PBXGroup;
			children = (
				7EC7B7DA21F1AAA600A9B632 /* Saudi Fisheries.app */,
			);
			name = Products;
			sourceTree = "<group>";
		};
		7EC7B7DC21F1AAA600A9B632 /* Saudi Fisheries */ = {
			isa = PBXGroup;
			children = (
				7EC7B7DF21F1AAA600A9B632 /* ViewController.swift */,
				7EC7B7E121F1AAA600A9B632 /* Main.storyboard */,
				7EC7B7E721F1AAE300A9B632 /* Assets.xcassets */,
				7EC7B7E921F1AAE400A9B632 /* LaunchScreen.storyboard */,
				7EC7B7EC21F1AAE400A9B632 /* Info.plist */,
				7EC7B7E421F1AAA600A9B632 /* Saudi_Fisheries.xcdatamodeld */,
			);
			path = "Saudi Fisheries";
			sourceTree = "<group>";
		};
		7EC7B7F221F1B12000A9B632 /* login */ = {
			isa = PBXGroup;
			children = (
				7EC7B7F321F1B14400A9B632 /* login.swift */,
			);
			path = login;
			sourceTree = "<group>";
		};
		7ED3E97D21FEEB5000D4CD5E /* PickupShipping */ = {
			isa = PBXGroup;
			children = (
				7E92B9082279DA4B00C7775D /* SPCell */,
				7E92B9072279DA3E00C7775D /* PUCell */,
				7ED3E98121FEEC5300D4CD5E /* PickupShipping.swift */,
			);
			path = PickupShipping;
			sourceTree = "<group>";
		};
		7ED3E97F21FEEBE700D4CD5E /* OrderReview */ = {
			isa = PBXGroup;
			children = (
				7E1B3990227B2BD500A0971C /* ORWCell */,
				7EEEAB5D227AFA3E00C65240 /* ORCell */,
				7ED3E98921FEEC6C00D4CD5E /* OrderReview.swift */,
			);
			path = OrderReview;
			sourceTree = "<group>";
		};
		7ED3E98021FEEBF100D4CD5E /* ThankYouOrder */ = {
			isa = PBXGroup;
			children = (
				7ED3E98D21FEEC7700D4CD5E /* ThankYouOrder.swift */,
			);
			path = ThankYouOrder;
			sourceTree = "<group>";
		};
		7EDCF61021FB42E600DAF75D /* collectionCELL1 */ = {
			isa = PBXGroup;
			children = (
				7EDCF61121FB431900DAF75D /* collectionCELL1.swift */,
				7EDCF61221FB431900DAF75D /* collectionCELL1.xib */,
			);
			path = collectionCELL1;
			sourceTree = "<group>";
		};
		7EDCF61521FB53C400DAF75D /* LCell */ = {
			isa = PBXGroup;
			children = (
				7EDCF61621FB53E400DAF75D /* LCell.swift */,
				7EDCF61721FB53E400DAF75D /* LCell.xib */,
			);
			path = LCell;
			sourceTree = "<group>";
		};
		7EDEDD54226852780008B83B /* spinner */ = {
			isa = PBXGroup;
			children = (
				7EDEDD57226852A90008B83B /* frame-0.png */,
				7EDEDD5B226852AE0008B83B /* frame-1.png */,
				7EDEDD62226852B50008B83B /* frame-2.png */,
				7EDEDD71226852C70008B83B /* frame-3.png */,
				7EDEDD70226852C30008B83B /* frame-4.png */,
				7EDEDD59226852AC0008B83B /* frame-5.png */,
				7EDEDD5C226852AF0008B83B /* frame-6.png */,
				7EDEDD6A226852BB0008B83B /* frame-7.png */,
				7EDEDD5D226852B00008B83B /* frame-8.png */,
				7EDEDD61226852B40008B83B /* frame-9.png */,
				7EDEDD6C226852BC0008B83B /* frame-10.png */,
				7EDEDD67226852B90008B83B /* frame-11.png */,
				7EDEDD68226852B90008B83B /* frame-12.png */,
				7EDEDD56226852A80008B83B /* frame-13.png */,
				7EDEDD55226852A70008B83B /* frame-14.png */,
				7EDEDD5A226852AD0008B83B /* frame-15.png */,
				7EDEDD6E226852BF0008B83B /* frame-16.png */,
				7EDEDD65226852B70008B83B /* frame-17.png */,
				7EDEDD6B226852BB0008B83B /* frame-18.png */,
				7EDEDD63226852B60008B83B /* frame-19.png */,
				7EDEDD64226852B70008B83B /* frame-20.png */,
				7EDEDD5F226852B20008B83B /* frame-21.png */,
				7EDEDD6D226852BD0008B83B /* frame-22.png */,
				7EDEDD66226852B80008B83B /* frame-23.png */,
				7EDEDD72226852CA0008B83B /* frame-24.png */,
				7EDEDD6F226852C20008B83B /* frame-25.png */,
				7EDEDD58226852AA0008B83B /* frame-26.png */,
				7EDEDD60226852B20008B83B /* frame-27.png */,
				7EDEDD69226852BA0008B83B /* frame-28.png */,
				7EDEDD5E226852B00008B83B /* frame-29.png */,
			);
			path = spinner;
			sourceTree = "<group>";
		};
		7EED0DFD220033530086D4CE /* MyProfileDetails */ = {
			isa = PBXGroup;
			children = (
				7EED0DFE2200336E0086D4CE /* MyProfileDetails.swift */,
			);
			path = MyProfileDetails;
			sourceTree = "<group>";
		};
		7EED0E02220033BE0086D4CE /* MyWishlist */ = {
			isa = PBXGroup;
			children = (
				7E9E6398221FE72F0014EEBE /* WLCell */,
				7EED0E03220033D00086D4CE /* MyWishlist.swift */,
			);
			path = MyWishlist;
			sourceTree = "<group>";
		};
		7EED0E07220033FB0086D4CE /* StoreLocator */ = {
			isa = PBXGroup;
			children = (
				7E9E63A2221FF93D0014EEBE /* SLCell */,
				7EED0E082200340E0086D4CE /* StoreLocator.swift */,
			);
			path = StoreLocator;
			sourceTree = "<group>";
		};
		7EED0E0C220042410086D4CE /* DeliveryAddressList */ = {
			isa = PBXGroup;
			children = (
				7E9E639D221FF2960014EEBE /* DACell */,
				7EED0E0D2200425D0086D4CE /* DeliveryAddressList.swift */,
			);
			path = DeliveryAddressList;
			sourceTree = "<group>";
		};
		7EED0E12220060860086D4CE /* tableCELL */ = {
			isa = PBXGroup;
			children = (
				7EED0E13220060D30086D4CE /* STCellTABLE.swift */,
				7EED0E14220060D30086D4CE /* STCellTABLE.xib */,
			);
			name = tableCELL;
			sourceTree = "<group>";
		};
		7EEEAB53227AD7DD00C65240 /* SMCell */ = {
			isa = PBXGroup;
			children = (
				7EEEAB55227AD7FB00C65240 /* SMCell.swift */,
				7EEEAB54227AD7FA00C65240 /* SMCell.xib */,
			);
			name = SMCell;
			path = "New Group";
			sourceTree = "<group>";
		};
		7EEEAB58227AEFA000C65240 /* PMCell */ = {
			isa = PBXGroup;
			children = (
				7EEEAB59227AEFBF00C65240 /* PMCell.swift */,
				7EEEAB5A227AEFBF00C65240 /* PMCell.xib */,
			);
			path = PMCell;
			sourceTree = "<group>";
		};
		7EEEAB5D227AFA3E00C65240 /* ORCell */ = {
			isa = PBXGroup;
			children = (
				7EEEAB5E227AFA5800C65240 /* ORCell.swift */,
				7EEEAB5F227AFA5800C65240 /* ORCell.xib */,
			);
			path = ORCell;
			sourceTree = "<group>";
		};
		7EF0B53E221C249A00BBD81F /* SECTION1 */ = {
			isa = PBXGroup;
			children = (
				7E17702421F1D77F00D04B72 /* More */,
				7E17702321F1D77B00D04B72 /* Cart */,
				7E6390B821FAEB4A0039FED1 /* Category */,
				7E17702121F1D73400D04B72 /* Home */,
				7EF0B543221C250F00BBD81F /* SectionOne6S.storyboard */,
				7EF0B545221C252100BBD81F /* SectionOne6SPlus.storyboard */,
				7EF0B547221C253E00BBD81F /* SectionOneXS.storyboard */,
				7EF0B549221C254E00BBD81F /* SectionOneXSMAX.storyboard */,
			);
			path = SECTION1;
			sourceTree = "<group>";
		};
		7EF0B53F221C24A500BBD81F /* SECTION2 */ = {
			isa = PBXGroup;
			children = (
				7E218A0022898954007E35C7 /* ProductReviews */,
				7E345B7322390A9E0035C86D /* MenuGrid */,
				7E6A02C321F9D7EE00DDF3C2 /* ProductDetails */,
				7E17702221F1D77100D04B72 /* ProductGrid */,
				7EF0B54B221C25C800BBD81F /* SectionTwo6S.storyboard */,
				7EF0B54D221C25EF00BBD81F /* SectionTwo6SPlus.storyboard */,
				7E8B488E221C272B006B1997 /* SectionTwoXS.storyboard */,
				7E8B4890221C277D006B1997 /* SectionTwoXSMAX.storyboard */,
			);
			path = SECTION2;
			sourceTree = "<group>";
		};
		7EF0B540221C24AB00BBD81F /* SECTION3 */ = {
			isa = PBXGroup;
			children = (
				7ED3E98021FEEBF100D4CD5E /* ThankYouOrder */,
				7ED3E97F21FEEBE700D4CD5E /* OrderReview */,
				7E92B8FB2279BF3200C7775D /* Paymentmethod */,
				7E92B8FA2279BF1F00C7775D /* Shippingmethod */,
				7ED3E97D21FEEB5000D4CD5E /* PickupShipping */,
				7E92B8F92279BF0E00C7775D /* Billing */,
				7E8B4892221C2822006B1997 /* SectionThree6S.storyboard */,
				7E8B4894221C2871006B1997 /* SectionThree6SPlus.storyboard */,
				7E8B4896221C2898006B1997 /* SectionThreeXS.storyboard */,
				7E8B4898221C28AC006B1997 /* SectionThreeXSMAX.storyboard */,
			);
			path = SECTION3;
			sourceTree = "<group>";
		};
		7EF0B541221C24B200BBD81F /* SECTION4 */ = {
			isa = PBXGroup;
			children = (
				7E92B8F72279921B00C7775D /* ManageAddress */,
				7EED0DFD220033530086D4CE /* MyProfileDetails */,
				7EED0E07220033FB0086D4CE /* StoreLocator */,
				7EED0E02220033BE0086D4CE /* MyWishlist */,
				7EA4AAE321FB1D340089B41B /* OrderHistory */,
				7E8B489A221C28C4006B1997 /* SectionFour6S.storyboard */,
				7E8B489C221C28D4006B1997 /* SectionFour6SPlus.storyboard */,
				7E8B489E221C28E2006B1997 /* SectionFourXS.storyboard */,
				7E8B48A0221C28ED006B1997 /* SectionFourXSMAX.storyboard */,
			);
			path = SECTION4;
			sourceTree = "<group>";
		};
		7EF0B542221C24C900BBD81F /* SECTION5 */ = {
			isa = PBXGroup;
			children = (
				7EA4AADE21FB1D0B0089B41B /* Search */,
				88369D8D21F9BD0F002BB491 /* Slidemenu */,
				7EC7B7F221F1B12000A9B632 /* login */,
				7E176FEA21F1C75900D04B72 /* Registration */,
				7E8B48A2221C28FE006B1997 /* SectionFive6S.storyboard */,
				7E8B48A4221C290E006B1997 /* SectionFive6SPlus.storyboard */,
				7E8B48A6221C291D006B1997 /* SectionFiveXS.storyboard */,
				7E8B48A8221C292E006B1997 /* SectionFiveXSMAX.storyboard */,
			);
			path = SECTION5;
			sourceTree = "<group>";
		};
		88369D8D21F9BD0F002BB491 /* Slidemenu */ = {
			isa = PBXGroup;
			children = (
				88369D8E21F9BD2C002BB491 /* Slidemenu.swift */,
			);
			path = Slidemenu;
			sourceTree = "<group>";
		};
/* End PBXGroup section */

/* Begin PBXNativeTarget section */
		7EC7B7D921F1AAA600A9B632 /* Saudi Fisheries */ = {
			isa = PBXNativeTarget;
			buildConfigurationList = 7EC7B7EF21F1AAE400A9B632 /* Build configuration list for PBXNativeTarget "Saudi Fisheries" */;
			buildPhases = (
				7EC7B7D621F1AAA600A9B632 /* Sources */,
				7EC7B7D721F1AAA600A9B632 /* Frameworks */,
				7EC7B7D821F1AAA600A9B632 /* Resources */,
			);
			buildRules = (
			);
			dependencies = (
			);
			name = "Saudi Fisheries";
			productName = "Saudi Fisheries";
			productReference = 7EC7B7DA21F1AAA600A9B632 /* Saudi Fisheries.app */;
			productType = "com.apple.product-type.application";
		};
/* End PBXNativeTarget section */

/* Begin PBXProject section */
		7EC7B7D221F1AAA500A9B632 /* Project object */ = {
			isa = PBXProject;
			attributes = {
				LastSwiftUpdateCheck = 1010;
				LastUpgradeCheck = 1010;
				ORGANIZATIONNAME = SANDIPAN;
				TargetAttributes = {
					7EC7B7D921F1AAA600A9B632 = {
						CreatedOnToolsVersion = 10.1;
					};
				};
			};
			buildConfigurationList = 7EC7B7D521F1AAA600A9B632 /* Build configuration list for PBXProject "Saudi Fisheries" */;
			compatibilityVersion = "Xcode 9.3";
			developmentRegion = en;
			hasScannedForEncodings = 0;
			knownRegions = (
				en,
				Base,
			);
			mainGroup = 7EC7B7D121F1AAA500A9B632;
			productRefGroup = 7EC7B7DB21F1AAA600A9B632 /* Products */;
			projectDirPath = "";
			projectRoot = "";
			targets = (
				7EC7B7D921F1AAA600A9B632 /* Saudi Fisheries */,
			);
		};
/* End PBXProject section */

/* Begin PBXResourcesBuildPhase section */
		7EC7B7D821F1AAA600A9B632 /* Resources */ = {
			isa = PBXResourcesBuildPhase;
			buildActionMask = 2147483647;
			files = (
				7E8B4891221C277D006B1997 /* SectionTwoXSMAX.storyboard in Resources */,
				7EDEDD8C226852CB0008B83B /* frame-16.png in Resources */,
				7EDEDD90226852CB0008B83B /* frame-24.png in Resources */,
				7EDEDD8D226852CB0008B83B /* frame-25.png in Resources */,
				7E7F69E92236A296000EABEE /* p3.jpg in Resources */,
				7EDEDD73226852CB0008B83B /* frame-14.png in Resources */,
				7E8B48A5221C290E006B1997 /* SectionFive6SPlus.storyboard in Resources */,
				7EDEDD88226852CB0008B83B /* frame-7.png in Resources */,
				7EB1FAFE221AAC25004E15F2 /* Default-568h@2x.png in Resources */,
				7EF0B546221C252100BBD81F /* SectionOne6SPlus.storyboard in Resources */,
				7E29D29421F6FD4000062EA8 /* banner4.png in Resources */,
				7E8B489B221C28C4006B1997 /* SectionFour6S.storyboard in Resources */,
				7E7189ED21F599990093FAD6 /* Dubai-Medium.ttf in Resources */,
				7EB1FAFC221AAC25004E15F2 /* Default-802h.png in Resources */,
				7EDEDD7A226852CB0008B83B /* frame-6.png in Resources */,
				7EC7B7EB21F1AAE400A9B632 /* LaunchScreen.storyboard in Resources */,
				7EF0B54E221C25EF00BBD81F /* SectionTwo6SPlus.storyboard in Resources */,
				7EC7B7E821F1AAE300A9B632 /* Assets.xcassets in Resources */,
				7EDEDD77226852CB0008B83B /* frame-5.png in Resources */,
				7EDEDD78226852CB0008B83B /* frame-15.png in Resources */,
				7EDEDD8F226852CB0008B83B /* frame-3.png in Resources */,
				7EF0B544221C250F00BBD81F /* SectionOne6S.storyboard in Resources */,
				7E90D108221E798700CFFC97 /* icon-60.png in Resources */,
				7E29D29321F6FD4000062EA8 /* banner3.png in Resources */,
				7E29D2A921F741F900062EA8 /* STCell.xib in Resources */,
				7E9E639C221FE7300014EEBE /* WLCell.xib in Resources */,
				7E90D10E221E798700CFFC97 /* icon-40@2x.png in Resources */,
				7EDEDD86226852CB0008B83B /* frame-12.png in Resources */,
				7EEEAB5C227AEFBF00C65240 /* PMCell.xib in Resources */,
				7EDEDD80226852CB0008B83B /* frame-2.png in Resources */,
				7E90D10D221E798700CFFC97 /* icon-20@2x.png in Resources */,
				7E7189EE21F599990093FAD6 /* Dubai-Light.ttf in Resources */,
				7EB1FAFA221AAC25004E15F2 /* Default.png in Resources */,
				7E8B4895221C2871006B1997 /* SectionThree6SPlus.storyboard in Resources */,
				7EB1FAFF221AAC25004E15F2 /* Default-812h@2x.png in Resources */,
				7EDEDD82226852CB0008B83B /* frame-20.png in Resources */,
				7E8B48A7221C291E006B1997 /* SectionFiveXS.storyboard in Resources */,
				7E13B8812209B0BC00F7915C /* ge_ss_two_bold.ttf in Resources */,
				7E9E6397221FDE0D0014EEBE /* OHCell.xib in Resources */,
				7EEEAB61227AFA5800C65240 /* ORCell.xib in Resources */,
				7E13B8832209B0BC00F7915C /* futura_heavy.ttf in Resources */,
				7EDEDD7F226852CB0008B83B /* frame-9.png in Resources */,
				7E8B48A9221C292E006B1997 /* SectionFiveXSMAX.storyboard in Resources */,
				7E29D29521F6FD4000062EA8 /* banner1.png in Resources */,
				7EED0E16220060D30086D4CE /* STCellTABLE.xib in Resources */,
				7EDEDD83226852CB0008B83B /* frame-17.png in Resources */,
				7E9E63A1221FF2BE0014EEBE /* DACell.xib in Resources */,
				7E90D10B221E798700CFFC97 /* icon-20@3x.png in Resources */,
				7E90D106221E798700CFFC97 /* icon-1024.png in Resources */,
				7E8B4897221C2898006B1997 /* SectionThreeXS.storyboard in Resources */,
				7EB1FAF8221AAC25004E15F2 /* Default-736h.png in Resources */,
				7E92B9062279CAED00C7775D /* BTCell.xib in Resources */,
				7EDEDD81226852CB0008B83B /* frame-19.png in Resources */,
				7EDEDD76226852CB0008B83B /* frame-26.png in Resources */,
				7EC7B7E321F1AAA600A9B632 /* Main.storyboard in Resources */,
				7E92B90C2279DA6400C7775D /* PUCell.xib in Resources */,
				7EDEDD74226852CB0008B83B /* frame-13.png in Resources */,
				7E7189EC21F599990093FAD6 /* Dubai-Regular.ttf in Resources */,
				7E13B8842209B0BC00F7915C /* futura.ttf in Resources */,
				7E7F69EB2236A296000EABEE /* p2.jpg in Resources */,
				7E345B7A22390AF20035C86D /* MenuTableCell.xib in Resources */,
				7E90D107221E798700CFFC97 /* icon-29@2x.png in Resources */,
				7EDEDD7E226852CB0008B83B /* frame-27.png in Resources */,
				7E7F69EC2236A296000EABEE /* p1.jpg in Resources */,
				7E8B4899221C28AC006B1997 /* SectionThreeXSMAX.storyboard in Resources */,
				7E90D10A221E798700CFFC97 /* icon-60@2x.png in Resources */,
				7E218A072289A4B1007E35C7 /* PRCell.xib in Resources */,
				7E7F69EE2236A296000EABEE /* p6.jpg in Resources */,
				7EDEDD8E226852CB0008B83B /* frame-4.png in Resources */,
				7EDEDD8B226852CB0008B83B /* frame-22.png in Resources */,
				7EB1FAF9221AAC25004E15F2 /* Default-812h@3x.png in Resources */,
				7E8B48A3221C28FE006B1997 /* SectionFive6S.storyboard in Resources */,
				7E90D105221E798700CFFC97 /* icon-40@3x.png in Resources */,
				7EB1FAFB221AAC25004E15F2 /* Default@2x.png in Resources */,
				7EB1FAFD221AAC25004E15F2 /* Default-667h.png in Resources */,
				7E1B3994227B2BF700A0971C /* ORWCell.xib in Resources */,
				7EDEDD89226852CB0008B83B /* frame-18.png in Resources */,
				7EDEDD79226852CB0008B83B /* frame-1.png in Resources */,
				7E7F69ED2236A296000EABEE /* p4.jpg in Resources */,
				7EDEDD7C226852CB0008B83B /* frame-29.png in Resources */,
				7E92B9102279DA7000C7775D /* SPCell.xib in Resources */,
				7E8B48A1221C28ED006B1997 /* SectionFourXSMAX.storyboard in Resources */,
				7EDEDD75226852CB0008B83B /* frame-0.png in Resources */,
				7EDCF61421FB431900DAF75D /* collectionCELL1.xib in Resources */,
				7EF0B54A221C254E00BBD81F /* SectionOneXSMAX.storyboard in Resources */,
				7E8B4893221C2822006B1997 /* SectionThree6S.storyboard in Resources */,
				7E9E63A6221FF94E0014EEBE /* SLCell.xib in Resources */,
				7E8B489F221C28E2006B1997 /* SectionFourXS.storyboard in Resources */,
				7E90D111221E798700CFFC97 /* icon-20.png in Resources */,
				7EDEDD7B226852CB0008B83B /* frame-8.png in Resources */,
				7E176FE821F1B52A00D04B72 /* AllMediaImages.xcassets in Resources */,
				7E90D10F221E798700CFFC97 /* icon-60@3x.png in Resources */,
				7EDEDD7D226852CB0008B83B /* frame-21.png in Resources */,
				7E29D29621F6FD4000062EA8 /* banner2.png in Resources */,
				7E90D110221E798700CFFC97 /* icon-29@3x.png in Resources */,
				7EF0B548221C253E00BBD81F /* SectionOneXS.storyboard in Resources */,
				7E13B8822209B0BC00F7915C /* ge_ss_two_medium.ttf in Resources */,
				7EF0B54C221C25C800BBD81F /* SectionTwo6S.storyboard in Resources */,
				7E8B489D221C28D4006B1997 /* SectionFour6SPlus.storyboard in Resources */,
				7EDEDD8A226852CB0008B83B /* frame-10.png in Resources */,
				7E13B8852209B0BC00F7915C /* ge_ss_two_light.ttf in Resources */,
				7E7189EF21F599990093FAD6 /* Dubai-Bold.ttf in Resources */,
				7EDEDD85226852CB0008B83B /* frame-11.png in Resources */,
				7EDEDD87226852CB0008B83B /* frame-28.png in Resources */,
				7E8B488F221C272B006B1997 /* SectionTwoXS.storyboard in Resources */,
				7EDCF61921FB53E400DAF75D /* LCell.xib in Resources */,
				7E90D109221E798700CFFC97 /* icon-40.png in Resources */,
				7E7F69EA2236A296000EABEE /* p5.jpg in Resources */,
				7E90D10C221E798700CFFC97 /* icon-29.png in Resources */,
				7EDEDD84226852CB0008B83B /* frame-23.png in Resources */,
				7EEEAB56227AD7FB00C65240 /* SMCell.xib in Resources */,
			);
			runOnlyForDeploymentPostprocessing = 0;
		};
/* End PBXResourcesBuildPhase section */

/* Begin PBXSourcesBuildPhase section */
		7EC7B7D621F1AAA600A9B632 /* Sources */ = {
			isa = PBXSourcesBuildPhase;
			buildActionMask = 2147483647;
			files = (
				7E345B722238E6C10035C86D /* AddDeliveryAddress.swift in Sources */,
				7E218A0222898982007E35C7 /* ProductReviews.swift in Sources */,
				7E17702821F1D7BA00D04B72 /* HomeTab.swift in Sources */,
				7ED3E98F21FEEC7700D4CD5E /* ThankYouOrder.swift in Sources */,
				7EED0E0F2200425D0086D4CE /* DeliveryAddressList.swift in Sources */,
				7E345B7922390AF20035C86D /* MenuTableCell.swift in Sources */,
				7E345B7522390AC30035C86D /* MenuGrid.swift in Sources */,
				7E6390BB21FAEB740039FED1 /* CategoryTab.swift in Sources */,
				7EEEAB57227AD7FB00C65240 /* SMCell.swift in Sources */,
				7E92B8FF2279BFCA00C7775D /* Shippingmethod.swift in Sources */,
				88369D9021F9BD2C002BB491 /* Slidemenu.swift in Sources */,
				7EEEAB60227AFA5800C65240 /* ORCell.swift in Sources */,
				7EEEAB5B227AEFBF00C65240 /* PMCell.swift in Sources */,
				7EED0E0A2200340E0086D4CE /* StoreLocator.swift in Sources */,
				7E9E63A0221FF2BE0014EEBE /* DACell.swift in Sources */,
				7E17703021F1D7D600D04B72 /* CartTab.swift in Sources */,
				7EED0E002200336E0086D4CE /* MyProfileDetails.swift in Sources */,
				7EDCF61821FB53E400DAF75D /* LCell.swift in Sources */,
				7E29D2AA21F741F900062EA8 /* STCell.swift in Sources */,
				7E9E6396221FDE0C0014EEBE /* OHCell.swift in Sources */,
				7EA4AAE621FB1D4A0089B41B /* OrderHistory.swift in Sources */,
				7E92B9012279BFD800C7775D /* Paymentmethod.swift in Sources */,
				7EA4AAE121FB1D2D0089B41B /* SearchProduct.swift in Sources */,
				7E92B8FD2279BFB500C7775D /* Billing.swift in Sources */,
				7EC7B7E621F1AAA600A9B632 /* Saudi_Fisheries.xcdatamodeld in Sources */,
				7EC7B7E021F1AAA600A9B632 /* ViewController.swift in Sources */,
				7E17702C21F1D7C800D04B72 /* ProductGrid.swift in Sources */,
				7E1B3993227B2BF700A0971C /* ORWCell.swift in Sources */,
				7EC7B7DE21F1AAA600A9B632 /* AppDelegate.swift in Sources */,
				7EED0E05220033D00086D4CE /* MyWishlist.swift in Sources */,
				7E17703421F1D7E400D04B72 /* MoreTab.swift in Sources */,
				7E176FED21F1C78900D04B72 /* Registration.swift in Sources */,
				7EDCF61321FB431900DAF75D /* collectionCELL1.swift in Sources */,
				7EED0E15220060D30086D4CE /* STCellTABLE.swift in Sources */,
				7E92B90F2279DA7000C7775D /* SPCell.swift in Sources */,
				7E9E639B221FE7300014EEBE /* WLCell.swift in Sources */,
				7E6A02C621F9D80900DDF3C2 /* ProductDetails.swift in Sources */,
				7EC7B7F521F1B14400A9B632 /* login.swift in Sources */,
				7E218A062289A4B1007E35C7 /* PRCell.swift in Sources */,
				7E92B90B2279DA6400C7775D /* PUCell.swift in Sources */,
				7E9E63A5221FF94E0014EEBE /* SLCell.swift in Sources */,
				7E92B9052279CAED00C7775D /* BTCell.swift in Sources */,
				7ED3E98B21FEEC6C00D4CD5E /* OrderReview.swift in Sources */,
				7E4628A02201DA27003BB300 /* FloatRatingView.swift in Sources */,
				7ED3E98321FEEC5300D4CD5E /* PickupShipping.swift in Sources */,
			);
			runOnlyForDeploymentPostprocessing = 0;
		};
/* End PBXSourcesBuildPhase section */

/* Begin PBXVariantGroup section */
		7EC7B7E121F1AAA600A9B632 /* Main.storyboard */ = {
			isa = PBXVariantGroup;
			children = (
				7EC7B7E221F1AAA600A9B632 /* Base */,
			);
			name = Main.storyboard;
			sourceTree = "<group>";
		};
		7EC7B7E921F1AAE400A9B632 /* LaunchScreen.storyboard */ = {
			isa = PBXVariantGroup;
			children = (
				7EC7B7EA21F1AAE400A9B632 /* Base */,
			);
			name = LaunchScreen.storyboard;
			sourceTree = "<group>";
		};
/* End PBXVariantGroup section */

/* Begin XCBuildConfiguration section */
		7EC7B7ED21F1AAE400A9B632 /* Debug */ = {
			isa = XCBuildConfiguration;
			buildSettings = {
				ALWAYS_SEARCH_USER_PATHS = NO;
				CLANG_ANALYZER_NONNULL = YES;
				CLANG_ANALYZER_NUMBER_OBJECT_CONVERSION = YES_AGGRESSIVE;
				CLANG_CXX_LANGUAGE_STANDARD = "gnu++14";
				CLANG_CXX_LIBRARY = "libc++";
				CLANG_ENABLE_MODULES = YES;
				CLANG_ENABLE_OBJC_ARC = YES;
				CLANG_ENABLE_OBJC_WEAK = YES;
				CLANG_WARN_BLOCK_CAPTURE_AUTORELEASING = YES;
				CLANG_WARN_BOOL_CONVERSION = YES;
				CLANG_WARN_COMMA = YES;
				CLANG_WARN_CONSTANT_CONVERSION = YES;
				CLANG_WARN_DEPRECATED_OBJC_IMPLEMENTATIONS = YES;
				CLANG_WARN_DIRECT_OBJC_ISA_USAGE = YES_ERROR;
				CLANG_WARN_DOCUMENTATION_COMMENTS = YES;
				CLANG_WARN_EMPTY_BODY = YES;
				CLANG_WARN_ENUM_CONVERSION = YES;
				CLANG_WARN_INFINITE_RECURSION = YES;
				CLANG_WARN_INT_CONVERSION = YES;
				CLANG_WARN_NON_LITERAL_NULL_CONVERSION = YES;
				CLANG_WARN_OBJC_IMPLICIT_RETAIN_SELF = YES;
				CLANG_WARN_OBJC_LITERAL_CONVERSION = YES;
				CLANG_WARN_OBJC_ROOT_CLASS = YES_ERROR;
				CLANG_WARN_RANGE_LOOP_ANALYSIS = YES;
				CLANG_WARN_STRICT_PROTOTYPES = YES;
				CLANG_WARN_SUSPICIOUS_MOVE = YES;
				CLANG_WARN_UNGUARDED_AVAILABILITY = YES_AGGRESSIVE;
				CLANG_WARN_UNREACHABLE_CODE = YES;
				CLANG_WARN__DUPLICATE_METHOD_MATCH = YES;
				CODE_SIGN_IDENTITY = "iPhone Developer";
				COPY_PHASE_STRIP = NO;
				DEBUG_INFORMATION_FORMAT = dwarf;
				ENABLE_STRICT_OBJC_MSGSEND = YES;
				ENABLE_TESTABILITY = YES;
				GCC_C_LANGUAGE_STANDARD = gnu11;
				GCC_DYNAMIC_NO_PIC = NO;
				GCC_NO_COMMON_BLOCKS = YES;
				GCC_OPTIMIZATION_LEVEL = 0;
				GCC_PREPROCESSOR_DEFINITIONS = (
					"DEBUG=1",
					"$(inherited)",
				);
				GCC_WARN_64_TO_32_BIT_CONVERSION = YES;
				GCC_WARN_ABOUT_RETURN_TYPE = YES_ERROR;
				GCC_WARN_UNDECLARED_SELECTOR = YES;
				GCC_WARN_UNINITIALIZED_AUTOS = YES_AGGRESSIVE;
				GCC_WARN_UNUSED_FUNCTION = YES;
				GCC_WARN_UNUSED_VARIABLE = YES;
				IPHONEOS_DEPLOYMENT_TARGET = 10.0;
				MTL_ENABLE_DEBUG_INFO = INCLUDE_SOURCE;
				MTL_FAST_MATH = YES;
				ONLY_ACTIVE_ARCH = YES;
				SDKROOT = iphoneos;
				SWIFT_ACTIVE_COMPILATION_CONDITIONS = DEBUG;
				SWIFT_OPTIMIZATION_LEVEL = "-Onone";
			};
			name = Debug;
		};
		7EC7B7EE21F1AAE400A9B632 /* Release */ = {
			isa = XCBuildConfiguration;
			buildSettings = {
				ALWAYS_SEARCH_USER_PATHS = NO;
				CLANG_ANALYZER_NONNULL = YES;
				CLANG_ANALYZER_NUMBER_OBJECT_CONVERSION = YES_AGGRESSIVE;
				CLANG_CXX_LANGUAGE_STANDARD = "gnu++14";
				CLANG_CXX_LIBRARY = "libc++";
				CLANG_ENABLE_MODULES = YES;
				CLANG_ENABLE_OBJC_ARC = YES;
				CLANG_ENABLE_OBJC_WEAK = YES;
				CLANG_WARN_BLOCK_CAPTURE_AUTORELEASING = YES;
				CLANG_WARN_BOOL_CONVERSION = YES;
				CLANG_WARN_COMMA = YES;
				CLANG_WARN_CONSTANT_CONVERSION = YES;
				CLANG_WARN_DEPRECATED_OBJC_IMPLEMENTATIONS = YES;
				CLANG_WARN_DIRECT_OBJC_ISA_USAGE = YES_ERROR;
				CLANG_WARN_DOCUMENTATION_COMMENTS = YES;
				CLANG_WARN_EMPTY_BODY = YES;
				CLANG_WARN_ENUM_CONVERSION = YES;
				CLANG_WARN_INFINITE_RECURSION = YES;
				CLANG_WARN_INT_CONVERSION = YES;
				CLANG_WARN_NON_LITERAL_NULL_CONVERSION = YES;
				CLANG_WARN_OBJC_IMPLICIT_RETAIN_SELF = YES;
				CLANG_WARN_OBJC_LITERAL_CONVERSION = YES;
				CLANG_WARN_OBJC_ROOT_CLASS = YES_ERROR;
				CLANG_WARN_RANGE_LOOP_ANALYSIS = YES;
				CLANG_WARN_STRICT_PROTOTYPES = YES;
				CLANG_WARN_SUSPICIOUS_MOVE = YES;
				CLANG_WARN_UNGUARDED_AVAILABILITY = YES_AGGRESSIVE;
				CLANG_WARN_UNREACHABLE_CODE = YES;
				CLANG_WARN__DUPLICATE_METHOD_MATCH = YES;
				CODE_SIGN_IDENTITY = "iPhone Developer";
				COPY_PHASE_STRIP = NO;
				DEBUG_INFORMATION_FORMAT = "dwarf-with-dsym";
				ENABLE_NS_ASSERTIONS = NO;
				ENABLE_STRICT_OBJC_MSGSEND = YES;
				GCC_C_LANGUAGE_STANDARD = gnu11;
				GCC_NO_COMMON_BLOCKS = YES;
				GCC_WARN_64_TO_32_BIT_CONVERSION = YES;
				GCC_WARN_ABOUT_RETURN_TYPE = YES_ERROR;
				GCC_WARN_UNDECLARED_SELECTOR = YES;
				GCC_WARN_UNINITIALIZED_AUTOS = YES_AGGRESSIVE;
				GCC_WARN_UNUSED_FUNCTION = YES;
				GCC_WARN_UNUSED_VARIABLE = YES;
				IPHONEOS_DEPLOYMENT_TARGET = 10.0;
				MTL_ENABLE_DEBUG_INFO = NO;
				MTL_FAST_MATH = YES;
				SDKROOT = iphoneos;
				SWIFT_COMPILATION_MODE = wholemodule;
				SWIFT_OPTIMIZATION_LEVEL = "-O";
				VALIDATE_PRODUCT = YES;
			};
			name = Release;
		};
		7EC7B7F021F1AAE400A9B632 /* Debug */ = {
			isa = XCBuildConfiguration;
			buildSettings = {
				ASSETCATALOG_COMPILER_APPICON_NAME = AppIcon;
				ASSETCATALOG_COMPILER_LAUNCHIMAGE_NAME = LaunchImage;
				CODE_SIGN_STYLE = Automatic;
				DEVELOPMENT_TEAM = 4V4WQ2YLX8;
				INFOPLIST_FILE = "Saudi Fisheries/Info.plist";
				IPHONEOS_DEPLOYMENT_TARGET = 10.0;
				LD_RUNPATH_SEARCH_PATHS = (
					"$(inherited)",
					"@executable_path/Frameworks",
				);
				ONLY_ACTIVE_ARCH = YES;
				PRODUCT_BUNDLE_IDENTIFIER = "com.-.Saudi-Fisheries";
				PRODUCT_NAME = "$(TARGET_NAME)";
				SWIFT_VERSION = 4.2;
				TARGETED_DEVICE_FAMILY = 1;
			};
			name = Debug;
		};
		7EC7B7F121F1AAE400A9B632 /* Release */ = {
			isa = XCBuildConfiguration;
			buildSettings = {
				ASSETCATALOG_COMPILER_APPICON_NAME = AppIcon;
				ASSETCATALOG_COMPILER_LAUNCHIMAGE_NAME = LaunchImage;
				CODE_SIGN_STYLE = Automatic;
				DEVELOPMENT_TEAM = 4V4WQ2YLX8;
				INFOPLIST_FILE = "Saudi Fisheries/Info.plist";
				IPHONEOS_DEPLOYMENT_TARGET = 10.0;
				LD_RUNPATH_SEARCH_PATHS = (
					"$(inherited)",
					"@executable_path/Frameworks",
				);
				ONLY_ACTIVE_ARCH = YES;
				PRODUCT_BUNDLE_IDENTIFIER = "com.-.Saudi-Fisheries";
				PRODUCT_NAME = "$(TARGET_NAME)";
				SWIFT_VERSION = 4.2;
				TARGETED_DEVICE_FAMILY = 1;
			};
			name = Release;
		};
/* End XCBuildConfiguration section */

/* Begin XCConfigurationList section */
		7EC7B7D521F1AAA600A9B632 /* Build configuration list for PBXProject "Saudi Fisheries" */ = {
			isa = XCConfigurationList;
			buildConfigurations = (
				7EC7B7ED21F1AAE400A9B632 /* Debug */,
				7EC7B7EE21F1AAE400A9B632 /* Release */,
			);
			defaultConfigurationIsVisible = 0;
			defaultConfigurationName = Debug;
		};
		7EC7B7EF21F1AAE400A9B632 /* Build configuration list for PBXNativeTarget "Saudi Fisheries" */ = {
			isa = XCConfigurationList;
			buildConfigurations = (
				7EC7B7F021F1AAE400A9B632 /* Debug */,
				7EC7B7F121F1AAE400A9B632 /* Release */,
			);
			defaultConfigurationIsVisible = 0;
			defaultConfigurationName = Debug;
		};
/* End XCConfigurationList section */

/* Begin XCVersionGroup section */
		7EC7B7E421F1AAA600A9B632 /* Saudi_Fisheries.xcdatamodeld */ = {
			isa = XCVersionGroup;
			children = (
				7EC7B7E521F1AAA600A9B632 /* Saudi_Fisheries.xcdatamodel */,
			);
			currentVersion = 7EC7B7E521F1AAA600A9B632 /* Saudi_Fisheries.xcdatamodel */;
			path = Saudi_Fisheries.xcdatamodeld;
			sourceTree = "<group>";
			versionGroupType = wrapper.xcdatamodel;
		};
/* End XCVersionGroup section */
	};
	rootObject = 7EC7B7D221F1AAA500A9B632 /* Project object */;
}
